
Microsoft Visual Studio Solution File, Format Version 12.00
# Visual Studio 15
VisualStudioVersion = 15.0.27130.2010
MinimumVisualStudioVersion = 10.0.40219.1
Project("{FAE04EC0-301F-11D3-BF4B-00C04F79EFBC}") = "Swappings", "Swappings\Swappings.csproj", "{7352945F-0103-4BC4-8790-1E90351C7A7B}"
EndProject
Project("{FAE04EC0-301F-11D3-BF4B-00C04F79EFBC}") = "BracketsExpression", "BracketsExpression\BracketsExpression.csproj", "{20E9E07C-AAA5-4B65-8F79-27FBE372066F}"
EndProject
Project("{2150E333-8FDC-42A3-9474-1A3956D46DE8}") = "Problems", "Problems", "{2B16982F-2AC5-4EF6-9515-3B312CD6469A}"
EndProject
Project("{2150E333-8FDC-42A3-9474-1A3956D46DE8}") = "Homework", "Homework", "{797549AA-D270-44BF-A34D-8FB5CA66FBD7}"
EndProject
Project("{FAE04EC0-301F-11D3-BF4B-00C04F79EFBC}") = "PathToOne", "PathToOne\PathToOne.csproj", "{1EFC5031-0E60-42A2-BECC-D0C0D0758EFB}"
EndProject
Project("{FAE04EC0-301F-11D3-BF4B-00C04F79EFBC}") = "PlusOneMultiplyOne", "PlusOneMultiplyOne\PlusOneMultiplyOne.csproj", "{4CF7A2F8-0A75-4C6C-9F85-5C0B854B97EB}"
EndProject
Project("{FAE04EC0-301F-11D3-BF4B-00C04F79EFBC}") = "JediMeditation", "JediMeditation\JediMeditation.csproj", "{E983DEE0-F225-4AE0-A31D-4D505133BBB7}"
EndProject
Global
	GlobalSection(SolutionConfigurationPlatforms) = preSolution
		Debug|Any CPU = Debug|Any CPU
		Release|Any CPU = Release|Any CPU
	EndGlobalSection
	GlobalSection(ProjectConfigurationPlatforms) = postSolution
		{7352945F-0103-4BC4-8790-1E90351C7A7B}.Debug|Any CPU.ActiveCfg = Debug|Any CPU
		{7352945F-0103-4BC4-8790-1E90351C7A7B}.Debug|Any CPU.Build.0 = Debug|Any CPU
		{7352945F-0103-4BC4-8790-1E90351C7A7B}.Release|Any CPU.ActiveCfg = Release|Any CPU
		{7352945F-0103-4BC4-8790-1E90351C7A7B}.Release|Any CPU.Build.0 = Release|Any CPU
		{20E9E07C-AAA5-4B65-8F79-27FBE372066F}.Debug|Any CPU.ActiveCfg = Debug|Any CPU
		{20E9E07C-AAA5-4B65-8F79-27FBE372066F}.Debug|Any CPU.Build.0 = Debug|Any CPU
		{20E9E07C-AAA5-4B65-8F79-27FBE372066F}.Release|Any CPU.ActiveCfg = Release|Any CPU
		{20E9E07C-AAA5-4B65-8F79-27FBE372066F}.Release|Any CPU.Build.0 = Release|Any CPU
		{1EFC5031-0E60-42A2-BECC-D0C0D0758EFB}.Debug|Any CPU.ActiveCfg = Debug|Any CPU
		{1EFC5031-0E60-42A2-BECC-D0C0D0758EFB}.Debug|Any CPU.Build.0 = Debug|Any CPU
		{1EFC5031-0E60-42A2-BECC-D0C0D0758EFB}.Release|Any CPU.ActiveCfg = Release|Any CPU
		{1EFC5031-0E60-42A2-BECC-D0C0D0758EFB}.Release|Any CPU.Build.0 = Release|Any CPU
		{4CF7A2F8-0A75-4C6C-9F85-5C0B854B97EB}.Debug|Any CPU.ActiveCfg = Debug|Any CPU
		{4CF7A2F8-0A75-4C6C-9F85-5C0B854B97EB}.Debug|Any CPU.Build.0 = Debug|Any CPU
		{4CF7A2F8-0A75-4C6C-9F85-5C0B854B97EB}.Release|Any CPU.ActiveCfg = Release|Any CPU
		{4CF7A2F8-0A75-4C6C-9F85-5C0B854B97EB}.Release|Any CPU.Build.0 = Release|Any CPU
		{E983DEE0-F225-4AE0-A31D-4D505133BBB7}.Debug|Any CPU.ActiveCfg = Debug|Any CPU
		{E983DEE0-F225-4AE0-A31D-4D505133BBB7}.Debug|Any CPU.Build.0 = Debug|Any CPU
		{E983DEE0-F225-4AE0-A31D-4D505133BBB7}.Release|Any CPU.ActiveCfg = Release|Any CPU
		{E983DEE0-F225-4AE0-A31D-4D505133BBB7}.Release|Any CPU.Build.0 = Release|Any CPU
	EndGlobalSection
	GlobalSection(SolutionProperties) = preSolution
		HideSolutionNode = FALSE
	EndGlobalSection
	GlobalSection(NestedProjects) = preSolution
		{7352945F-0103-4BC4-8790-1E90351C7A7B} = {2B16982F-2AC5-4EF6-9515-3B312CD6469A}
		{20E9E07C-AAA5-4B65-8F79-27FBE372066F} = {2B16982F-2AC5-4EF6-9515-3B312CD6469A}
		{1EFC5031-0E60-42A2-BECC-D0C0D0758EFB} = {2B16982F-2AC5-4EF6-9515-3B312CD6469A}
		{4CF7A2F8-0A75-4C6C-9F85-5C0B854B97EB} = {2B16982F-2AC5-4EF6-9515-3B312CD6469A}
		{E983DEE0-F225-4AE0-A31D-4D505133BBB7} = {2B16982F-2AC5-4EF6-9515-3B312CD6469A}
	EndGlobalSection
	GlobalSection(ExtensibilityGlobals) = postSolution
		SolutionGuid = {1FAF8C82-D1B9-4B1D-8486-00BFE2D462C3}
	EndGlobalSection
EndGlobal
