
Microsoft Visual Studio Solution File, Format Version 12.00
# Visual Studio 15
VisualStudioVersion = 15.0.27130.2010
MinimumVisualStudioVersion = 10.0.40219.1
Project("{FAE04EC0-301F-11D3-BF4B-00C04F79EFBC}") = "Graph", "Graph\Graph.csproj", "{1F28F66B-3BDB-48C4-AF94-A585696DC264}"
EndProject
Project("{FAE04EC0-301F-11D3-BF4B-00C04F79EFBC}") = "UndirectedGraphImplementation", "UndirectedGraphImplementation\UndirectedGraphImplementation.csproj", "{52B4722A-982B-46F1-BED0-B1D05C511320}"
EndProject
Project("{FAE04EC0-301F-11D3-BF4B-00C04F79EFBC}") = "01. Resources", "01. Resources\01. Resources.csproj", "{85E4A0D7-A653-45A0-A585-9D43BCA6B1EA}"
EndProject
Global
	GlobalSection(SolutionConfigurationPlatforms) = preSolution
		Debug|Any CPU = Debug|Any CPU
		Release|Any CPU = Release|Any CPU
	EndGlobalSection
	GlobalSection(ProjectConfigurationPlatforms) = postSolution
		{1F28F66B-3BDB-48C4-AF94-A585696DC264}.Debug|Any CPU.ActiveCfg = Debug|Any CPU
		{1F28F66B-3BDB-48C4-AF94-A585696DC264}.Debug|Any CPU.Build.0 = Debug|Any CPU
		{1F28F66B-3BDB-48C4-AF94-A585696DC264}.Release|Any CPU.ActiveCfg = Release|Any CPU
		{1F28F66B-3BDB-48C4-AF94-A585696DC264}.Release|Any CPU.Build.0 = Release|Any CPU
		{52B4722A-982B-46F1-BED0-B1D05C511320}.Debug|Any CPU.ActiveCfg = Debug|Any CPU
		{52B4722A-982B-46F1-BED0-B1D05C511320}.Debug|Any CPU.Build.0 = Debug|Any CPU
		{52B4722A-982B-46F1-BED0-B1D05C511320}.Release|Any CPU.ActiveCfg = Release|Any CPU
		{52B4722A-982B-46F1-BED0-B1D05C511320}.Release|Any CPU.Build.0 = Release|Any CPU
		{85E4A0D7-A653-45A0-A585-9D43BCA6B1EA}.Debug|Any CPU.ActiveCfg = Debug|Any CPU
		{85E4A0D7-A653-45A0-A585-9D43BCA6B1EA}.Debug|Any CPU.Build.0 = Debug|Any CPU
		{85E4A0D7-A653-45A0-A585-9D43BCA6B1EA}.Release|Any CPU.ActiveCfg = Release|Any CPU
		{85E4A0D7-A653-45A0-A585-9D43BCA6B1EA}.Release|Any CPU.Build.0 = Release|Any CPU
	EndGlobalSection
	GlobalSection(SolutionProperties) = preSolution
		HideSolutionNode = FALSE
	EndGlobalSection
	GlobalSection(ExtensibilityGlobals) = postSolution
		SolutionGuid = {93E21D6C-7FDC-40EA-A852-2EBA0E7CF641}
	EndGlobalSection
EndGlobal
