
Microsoft Visual Studio Solution File, Format Version 12.00
# Visual Studio 15
VisualStudioVersion = 15.0.27004.2009
MinimumVisualStudioVersion = 10.0.40219.1
Project("{FAE04EC0-301F-11D3-BF4B-00C04F79EFBC}") = "01. FillTheMatrix", "01. FillTheMatrix\01. FillTheMatrix.csproj", "{A8F29BEC-E208-435C-9001-1930C010536A}"
EndProject
Project("{FAE04EC0-301F-11D3-BF4B-00C04F79EFBC}") = "02. MaximalSum", "02. MaximalSum\02. MaximalSum.csproj", "{C076BACC-FC21-49CD-909D-B315CFDC5C19}"
EndProject
Global
	GlobalSection(SolutionConfigurationPlatforms) = preSolution
		Debug|Any CPU = Debug|Any CPU
		Release|Any CPU = Release|Any CPU
	EndGlobalSection
	GlobalSection(ProjectConfigurationPlatforms) = postSolution
		{A8F29BEC-E208-435C-9001-1930C010536A}.Debug|Any CPU.ActiveCfg = Debug|Any CPU
		{A8F29BEC-E208-435C-9001-1930C010536A}.Debug|Any CPU.Build.0 = Debug|Any CPU
		{A8F29BEC-E208-435C-9001-1930C010536A}.Release|Any CPU.ActiveCfg = Release|Any CPU
		{A8F29BEC-E208-435C-9001-1930C010536A}.Release|Any CPU.Build.0 = Release|Any CPU
		{C076BACC-FC21-49CD-909D-B315CFDC5C19}.Debug|Any CPU.ActiveCfg = Debug|Any CPU
		{C076BACC-FC21-49CD-909D-B315CFDC5C19}.Debug|Any CPU.Build.0 = Debug|Any CPU
		{C076BACC-FC21-49CD-909D-B315CFDC5C19}.Release|Any CPU.ActiveCfg = Release|Any CPU
		{C076BACC-FC21-49CD-909D-B315CFDC5C19}.Release|Any CPU.Build.0 = Release|Any CPU
	EndGlobalSection
	GlobalSection(SolutionProperties) = preSolution
		HideSolutionNode = FALSE
	EndGlobalSection
	GlobalSection(ExtensibilityGlobals) = postSolution
		SolutionGuid = {48950042-7BFA-45D5-8F05-19D0BC2E7B3E}
	EndGlobalSection
EndGlobal
