
Microsoft Visual Studio Solution File, Format Version 12.00
# Visual Studio 15
VisualStudioVersion = 15.0.27130.2010
MinimumVisualStudioVersion = 10.0.40219.1
Project("{FAE04EC0-301F-11D3-BF4B-00C04F79EFBC}") = "Swappings", "Swappings\Swappings.csproj", "{7352945F-0103-4BC4-8790-1E90351C7A7B}"
EndProject
Project("{FAE04EC0-301F-11D3-BF4B-00C04F79EFBC}") = "BracketsExpression", "BracketsExpression\BracketsExpression.csproj", "{20E9E07C-AAA5-4B65-8F79-27FBE372066F}"
EndProject
Project("{2150E333-8FDC-42A3-9474-1A3956D46DE8}") = "Problems", "Problems", "{2B16982F-2AC5-4EF6-9515-3B312CD6469A}"
EndProject
Project("{2150E333-8FDC-42A3-9474-1A3956D46DE8}") = "Homework", "Homework", "{797549AA-D270-44BF-A34D-8FB5CA66FBD7}"
EndProject
Project("{FAE04EC0-301F-11D3-BF4B-00C04F79EFBC}") = "PathToOne", "PathToOne\PathToOne.csproj", "{1EFC5031-0E60-42A2-BECC-D0C0D0758EFB}"
EndProject
Project("{FAE04EC0-301F-11D3-BF4B-00C04F79EFBC}") = "PlusOneMultiplyOne", "PlusOneMultiplyOne\PlusOneMultiplyOne.csproj", "{4CF7A2F8-0A75-4C6C-9F85-5C0B854B97EB}"
EndProject
Project("{FAE04EC0-301F-11D3-BF4B-00C04F79EFBC}") = "JediMeditation", "JediMeditation\JediMeditation.csproj", "{E983DEE0-F225-4AE0-A31D-4D505133BBB7}"
EndProject
Project("{FAE04EC0-301F-11D3-BF4B-00C04F79EFBC}") = "01. SumAndAverageOfElements", "01. SumAndAverageOfElements\01. SumAndAverageOfElements.csproj", "{84EF2E18-6E69-4538-9DF7-7FE2102C0D9A}"
EndProject
Project("{FAE04EC0-301F-11D3-BF4B-00C04F79EFBC}") = "02. ReverseIntegersWithStack", "02. ReverseIntegersWithStack\02. ReverseIntegersWithStack.csproj", "{C4125343-F36A-4506-BE6C-68D348C4C1C0}"
EndProject
Project("{FAE04EC0-301F-11D3-BF4B-00C04F79EFBC}") = "03. SortIntegersInIncreasingOrder", "03. SortIntegersInIncreasingOrder\03. SortIntegersInIncreasingOrder.csproj", "{95FDF766-85D6-4614-A418-A92706C38406}"
EndProject
Project("{FAE04EC0-301F-11D3-BF4B-00C04F79EFBC}") = "04. LongestSubsequence", "04. LongestSubsequence\04. LongestSubsequence.csproj", "{5375FAA6-4ABE-4B47-9FA7-D4D52504A295}"
EndProject
Project("{FAE04EC0-301F-11D3-BF4B-00C04F79EFBC}") = "05. RemoveNegativeInSequence", "05. RemoveNegativeInSequence\05. RemoveNegativeInSequence.csproj", "{59A34F52-1593-4536-A68E-ED0C6A901442}"
EndProject
Project("{FAE04EC0-301F-11D3-BF4B-00C04F79EFBC}") = "06. RemoveOddOccurrences", "06. RemoveOddOccurrences\06. RemoveOddOccurrences.csproj", "{91AAAF3C-F35F-4F16-98EE-149654CF4A0B}"
EndProject
Project("{FAE04EC0-301F-11D3-BF4B-00C04F79EFBC}") = "CokiSkoki", "CokiSkoki\CokiSkoki.csproj", "{B033F3BF-1DAD-4DEB-9AD3-39F88426ECD9}"
EndProject
Project("{FAE04EC0-301F-11D3-BF4B-00C04F79EFBC}") = "07. OccurrancesOfNumbers", "07. OccurrancesOfNumbers\07. OccurrancesOfNumbers.csproj", "{786E0889-43AE-4967-8028-84910BF76D3F}"
EndProject
Project("{FAE04EC0-301F-11D3-BF4B-00C04F79EFBC}") = "08. Majorant", "08. Majorant\08. Majorant.csproj", "{A3749E98-FE05-4AEE-96F8-3FE495826CD3}"
EndProject
Project("{FAE04EC0-301F-11D3-BF4B-00C04F79EFBC}") = "09. First50ElementsOfSequence", "09. First50ElementsOfSequence\09. First50ElementsOfSequence.csproj", "{99CD161A-E5DF-4B55-A1FC-DE3E68285762}"
EndProject
Project("{FAE04EC0-301F-11D3-BF4B-00C04F79EFBC}") = "10. ShortestSequenceOfOperations", "10. ShortestSequenceOfOperations\10. ShortestSequenceOfOperations.csproj", "{4565E300-F406-4128-B463-95A7DAC19278}"
EndProject
Project("{2150E333-8FDC-42A3-9474-1A3956D46DE8}") = "Implementations", "Implementations", "{D359876B-1EDA-4ECC-8A6D-1B5E1500F819}"
EndProject
Project("{FAE04EC0-301F-11D3-BF4B-00C04F79EFBC}") = "01. LinkedListImplmplementation", "01. LinkedListImplmplementation\01. LinkedListImplmplementation.csproj", "{72B0AA4D-001C-42BA-9F7E-882706B7B0A2}"
EndProject
Project("{FAE04EC0-301F-11D3-BF4B-00C04F79EFBC}") = "02. StackImplementation", "02. StackImplementation\02. StackImplementation.csproj", "{8959B163-DADF-425B-88FC-A8E5B8DC7387}"
EndProject
Project("{FAE04EC0-301F-11D3-BF4B-00C04F79EFBC}") = "03. QueueImplementation", "03. QueueImplementation\03. QueueImplementation.csproj", "{3421C263-C594-4D1D-8C26-3618C8EF1457}"
EndProject
Global
	GlobalSection(SolutionConfigurationPlatforms) = preSolution
		Debug|Any CPU = Debug|Any CPU
		Release|Any CPU = Release|Any CPU
	EndGlobalSection
	GlobalSection(ProjectConfigurationPlatforms) = postSolution
		{7352945F-0103-4BC4-8790-1E90351C7A7B}.Debug|Any CPU.ActiveCfg = Debug|Any CPU
		{7352945F-0103-4BC4-8790-1E90351C7A7B}.Debug|Any CPU.Build.0 = Debug|Any CPU
		{7352945F-0103-4BC4-8790-1E90351C7A7B}.Release|Any CPU.ActiveCfg = Release|Any CPU
		{7352945F-0103-4BC4-8790-1E90351C7A7B}.Release|Any CPU.Build.0 = Release|Any CPU
		{20E9E07C-AAA5-4B65-8F79-27FBE372066F}.Debug|Any CPU.ActiveCfg = Debug|Any CPU
		{20E9E07C-AAA5-4B65-8F79-27FBE372066F}.Debug|Any CPU.Build.0 = Debug|Any CPU
		{20E9E07C-AAA5-4B65-8F79-27FBE372066F}.Release|Any CPU.ActiveCfg = Release|Any CPU
		{20E9E07C-AAA5-4B65-8F79-27FBE372066F}.Release|Any CPU.Build.0 = Release|Any CPU
		{1EFC5031-0E60-42A2-BECC-D0C0D0758EFB}.Debug|Any CPU.ActiveCfg = Debug|Any CPU
		{1EFC5031-0E60-42A2-BECC-D0C0D0758EFB}.Debug|Any CPU.Build.0 = Debug|Any CPU
		{1EFC5031-0E60-42A2-BECC-D0C0D0758EFB}.Release|Any CPU.ActiveCfg = Release|Any CPU
		{1EFC5031-0E60-42A2-BECC-D0C0D0758EFB}.Release|Any CPU.Build.0 = Release|Any CPU
		{4CF7A2F8-0A75-4C6C-9F85-5C0B854B97EB}.Debug|Any CPU.ActiveCfg = Debug|Any CPU
		{4CF7A2F8-0A75-4C6C-9F85-5C0B854B97EB}.Debug|Any CPU.Build.0 = Debug|Any CPU
		{4CF7A2F8-0A75-4C6C-9F85-5C0B854B97EB}.Release|Any CPU.ActiveCfg = Release|Any CPU
		{4CF7A2F8-0A75-4C6C-9F85-5C0B854B97EB}.Release|Any CPU.Build.0 = Release|Any CPU
		{E983DEE0-F225-4AE0-A31D-4D505133BBB7}.Debug|Any CPU.ActiveCfg = Debug|Any CPU
		{E983DEE0-F225-4AE0-A31D-4D505133BBB7}.Debug|Any CPU.Build.0 = Debug|Any CPU
		{E983DEE0-F225-4AE0-A31D-4D505133BBB7}.Release|Any CPU.ActiveCfg = Release|Any CPU
		{E983DEE0-F225-4AE0-A31D-4D505133BBB7}.Release|Any CPU.Build.0 = Release|Any CPU
		{84EF2E18-6E69-4538-9DF7-7FE2102C0D9A}.Debug|Any CPU.ActiveCfg = Debug|Any CPU
		{84EF2E18-6E69-4538-9DF7-7FE2102C0D9A}.Debug|Any CPU.Build.0 = Debug|Any CPU
		{84EF2E18-6E69-4538-9DF7-7FE2102C0D9A}.Release|Any CPU.ActiveCfg = Release|Any CPU
		{84EF2E18-6E69-4538-9DF7-7FE2102C0D9A}.Release|Any CPU.Build.0 = Release|Any CPU
		{C4125343-F36A-4506-BE6C-68D348C4C1C0}.Debug|Any CPU.ActiveCfg = Debug|Any CPU
		{C4125343-F36A-4506-BE6C-68D348C4C1C0}.Debug|Any CPU.Build.0 = Debug|Any CPU
		{C4125343-F36A-4506-BE6C-68D348C4C1C0}.Release|Any CPU.ActiveCfg = Release|Any CPU
		{C4125343-F36A-4506-BE6C-68D348C4C1C0}.Release|Any CPU.Build.0 = Release|Any CPU
		{95FDF766-85D6-4614-A418-A92706C38406}.Debug|Any CPU.ActiveCfg = Debug|Any CPU
		{95FDF766-85D6-4614-A418-A92706C38406}.Debug|Any CPU.Build.0 = Debug|Any CPU
		{95FDF766-85D6-4614-A418-A92706C38406}.Release|Any CPU.ActiveCfg = Release|Any CPU
		{95FDF766-85D6-4614-A418-A92706C38406}.Release|Any CPU.Build.0 = Release|Any CPU
		{5375FAA6-4ABE-4B47-9FA7-D4D52504A295}.Debug|Any CPU.ActiveCfg = Debug|Any CPU
		{5375FAA6-4ABE-4B47-9FA7-D4D52504A295}.Debug|Any CPU.Build.0 = Debug|Any CPU
		{5375FAA6-4ABE-4B47-9FA7-D4D52504A295}.Release|Any CPU.ActiveCfg = Release|Any CPU
		{5375FAA6-4ABE-4B47-9FA7-D4D52504A295}.Release|Any CPU.Build.0 = Release|Any CPU
		{59A34F52-1593-4536-A68E-ED0C6A901442}.Debug|Any CPU.ActiveCfg = Debug|Any CPU
		{59A34F52-1593-4536-A68E-ED0C6A901442}.Debug|Any CPU.Build.0 = Debug|Any CPU
		{59A34F52-1593-4536-A68E-ED0C6A901442}.Release|Any CPU.ActiveCfg = Release|Any CPU
		{59A34F52-1593-4536-A68E-ED0C6A901442}.Release|Any CPU.Build.0 = Release|Any CPU
		{91AAAF3C-F35F-4F16-98EE-149654CF4A0B}.Debug|Any CPU.ActiveCfg = Debug|Any CPU
		{91AAAF3C-F35F-4F16-98EE-149654CF4A0B}.Debug|Any CPU.Build.0 = Debug|Any CPU
		{91AAAF3C-F35F-4F16-98EE-149654CF4A0B}.Release|Any CPU.ActiveCfg = Release|Any CPU
		{91AAAF3C-F35F-4F16-98EE-149654CF4A0B}.Release|Any CPU.Build.0 = Release|Any CPU
		{B033F3BF-1DAD-4DEB-9AD3-39F88426ECD9}.Debug|Any CPU.ActiveCfg = Debug|Any CPU
		{B033F3BF-1DAD-4DEB-9AD3-39F88426ECD9}.Debug|Any CPU.Build.0 = Debug|Any CPU
		{B033F3BF-1DAD-4DEB-9AD3-39F88426ECD9}.Release|Any CPU.ActiveCfg = Release|Any CPU
		{B033F3BF-1DAD-4DEB-9AD3-39F88426ECD9}.Release|Any CPU.Build.0 = Release|Any CPU
		{786E0889-43AE-4967-8028-84910BF76D3F}.Debug|Any CPU.ActiveCfg = Debug|Any CPU
		{786E0889-43AE-4967-8028-84910BF76D3F}.Debug|Any CPU.Build.0 = Debug|Any CPU
		{786E0889-43AE-4967-8028-84910BF76D3F}.Release|Any CPU.ActiveCfg = Release|Any CPU
		{786E0889-43AE-4967-8028-84910BF76D3F}.Release|Any CPU.Build.0 = Release|Any CPU
		{A3749E98-FE05-4AEE-96F8-3FE495826CD3}.Debug|Any CPU.ActiveCfg = Debug|Any CPU
		{A3749E98-FE05-4AEE-96F8-3FE495826CD3}.Debug|Any CPU.Build.0 = Debug|Any CPU
		{A3749E98-FE05-4AEE-96F8-3FE495826CD3}.Release|Any CPU.ActiveCfg = Release|Any CPU
		{A3749E98-FE05-4AEE-96F8-3FE495826CD3}.Release|Any CPU.Build.0 = Release|Any CPU
		{99CD161A-E5DF-4B55-A1FC-DE3E68285762}.Debug|Any CPU.ActiveCfg = Debug|Any CPU
		{99CD161A-E5DF-4B55-A1FC-DE3E68285762}.Debug|Any CPU.Build.0 = Debug|Any CPU
		{99CD161A-E5DF-4B55-A1FC-DE3E68285762}.Release|Any CPU.ActiveCfg = Release|Any CPU
		{99CD161A-E5DF-4B55-A1FC-DE3E68285762}.Release|Any CPU.Build.0 = Release|Any CPU
		{4565E300-F406-4128-B463-95A7DAC19278}.Debug|Any CPU.ActiveCfg = Debug|Any CPU
		{4565E300-F406-4128-B463-95A7DAC19278}.Debug|Any CPU.Build.0 = Debug|Any CPU
		{4565E300-F406-4128-B463-95A7DAC19278}.Release|Any CPU.ActiveCfg = Release|Any CPU
		{4565E300-F406-4128-B463-95A7DAC19278}.Release|Any CPU.Build.0 = Release|Any CPU
		{72B0AA4D-001C-42BA-9F7E-882706B7B0A2}.Debug|Any CPU.ActiveCfg = Debug|Any CPU
		{72B0AA4D-001C-42BA-9F7E-882706B7B0A2}.Debug|Any CPU.Build.0 = Debug|Any CPU
		{72B0AA4D-001C-42BA-9F7E-882706B7B0A2}.Release|Any CPU.ActiveCfg = Release|Any CPU
		{72B0AA4D-001C-42BA-9F7E-882706B7B0A2}.Release|Any CPU.Build.0 = Release|Any CPU
		{8959B163-DADF-425B-88FC-A8E5B8DC7387}.Debug|Any CPU.ActiveCfg = Debug|Any CPU
		{8959B163-DADF-425B-88FC-A8E5B8DC7387}.Debug|Any CPU.Build.0 = Debug|Any CPU
		{8959B163-DADF-425B-88FC-A8E5B8DC7387}.Release|Any CPU.ActiveCfg = Release|Any CPU
		{8959B163-DADF-425B-88FC-A8E5B8DC7387}.Release|Any CPU.Build.0 = Release|Any CPU
		{3421C263-C594-4D1D-8C26-3618C8EF1457}.Debug|Any CPU.ActiveCfg = Debug|Any CPU
		{3421C263-C594-4D1D-8C26-3618C8EF1457}.Debug|Any CPU.Build.0 = Debug|Any CPU
		{3421C263-C594-4D1D-8C26-3618C8EF1457}.Release|Any CPU.ActiveCfg = Release|Any CPU
		{3421C263-C594-4D1D-8C26-3618C8EF1457}.Release|Any CPU.Build.0 = Release|Any CPU
	EndGlobalSection
	GlobalSection(SolutionProperties) = preSolution
		HideSolutionNode = FALSE
	EndGlobalSection
	GlobalSection(NestedProjects) = preSolution
		{7352945F-0103-4BC4-8790-1E90351C7A7B} = {2B16982F-2AC5-4EF6-9515-3B312CD6469A}
		{20E9E07C-AAA5-4B65-8F79-27FBE372066F} = {2B16982F-2AC5-4EF6-9515-3B312CD6469A}
		{1EFC5031-0E60-42A2-BECC-D0C0D0758EFB} = {2B16982F-2AC5-4EF6-9515-3B312CD6469A}
		{4CF7A2F8-0A75-4C6C-9F85-5C0B854B97EB} = {2B16982F-2AC5-4EF6-9515-3B312CD6469A}
		{E983DEE0-F225-4AE0-A31D-4D505133BBB7} = {2B16982F-2AC5-4EF6-9515-3B312CD6469A}
		{84EF2E18-6E69-4538-9DF7-7FE2102C0D9A} = {797549AA-D270-44BF-A34D-8FB5CA66FBD7}
		{C4125343-F36A-4506-BE6C-68D348C4C1C0} = {797549AA-D270-44BF-A34D-8FB5CA66FBD7}
		{95FDF766-85D6-4614-A418-A92706C38406} = {797549AA-D270-44BF-A34D-8FB5CA66FBD7}
		{5375FAA6-4ABE-4B47-9FA7-D4D52504A295} = {797549AA-D270-44BF-A34D-8FB5CA66FBD7}
		{59A34F52-1593-4536-A68E-ED0C6A901442} = {797549AA-D270-44BF-A34D-8FB5CA66FBD7}
		{91AAAF3C-F35F-4F16-98EE-149654CF4A0B} = {797549AA-D270-44BF-A34D-8FB5CA66FBD7}
		{B033F3BF-1DAD-4DEB-9AD3-39F88426ECD9} = {2B16982F-2AC5-4EF6-9515-3B312CD6469A}
		{786E0889-43AE-4967-8028-84910BF76D3F} = {797549AA-D270-44BF-A34D-8FB5CA66FBD7}
		{A3749E98-FE05-4AEE-96F8-3FE495826CD3} = {797549AA-D270-44BF-A34D-8FB5CA66FBD7}
		{99CD161A-E5DF-4B55-A1FC-DE3E68285762} = {797549AA-D270-44BF-A34D-8FB5CA66FBD7}
		{4565E300-F406-4128-B463-95A7DAC19278} = {797549AA-D270-44BF-A34D-8FB5CA66FBD7}
		{72B0AA4D-001C-42BA-9F7E-882706B7B0A2} = {D359876B-1EDA-4ECC-8A6D-1B5E1500F819}
		{8959B163-DADF-425B-88FC-A8E5B8DC7387} = {D359876B-1EDA-4ECC-8A6D-1B5E1500F819}
		{3421C263-C594-4D1D-8C26-3618C8EF1457} = {D359876B-1EDA-4ECC-8A6D-1B5E1500F819}
	EndGlobalSection
	GlobalSection(ExtensibilityGlobals) = postSolution
		SolutionGuid = {1FAF8C82-D1B9-4B1D-8486-00BFE2D462C3}
	EndGlobalSection
EndGlobal
