
Microsoft Visual Studio Solution File, Format Version 12.00
# Visual Studio 15
VisualStudioVersion = 15.0.27130.2010
MinimumVisualStudioVersion = 10.0.40219.1
Project("{FAE04EC0-301F-11D3-BF4B-00C04F79EFBC}") = "Calculate3", "Calculate3\Calculate3.csproj", "{81361DA8-E063-436C-BBB5-A31F2D23988E}"
EndProject
Project("{FAE04EC0-301F-11D3-BF4B-00C04F79EFBC}") = "NotDivisibleNumber", "NotDivisibleNumber\NotDivisibleNumber.csproj", "{FDF61EBE-DD20-454F-9DE9-0556058E7EDF}"
EndProject
Project("{FAE04EC0-301F-11D3-BF4B-00C04F79EFBC}") = "Calculate!", "Calculate!\Calculate!.csproj", "{ABC6077F-4C81-4512-B05C-F1A95648565A}"
EndProject
Project("{FAE04EC0-301F-11D3-BF4B-00C04F79EFBC}") = "MinMaxSumAverage", "MinMaxSumAverage\MinMaxSumAverage.csproj", "{68383BAA-8D7A-4200-AC07-AA6B42C3B4EA}"
EndProject
Project("{FAE04EC0-301F-11D3-BF4B-00C04F79EFBC}") = "SayHello", "SayHello\SayHello.csproj", "{B94D271F-73BD-4A3B-BDA7-2C38EDC0B132}"
EndProject
Project("{FAE04EC0-301F-11D3-BF4B-00C04F79EFBC}") = "CalculateAgain", "CalculateAgain\CalculateAgain.csproj", "{A44F8BA5-F743-46A5-8316-D0B4C138DF55}"
EndProject
Project("{FAE04EC0-301F-11D3-BF4B-00C04F79EFBC}") = "SpiralMatrix", "SpiralMatrix\SpiralMatrix.csproj", "{9518A76F-041A-4B98-8984-7DC4D402ADCD}"
EndProject
Project("{FAE04EC0-301F-11D3-BF4B-00C04F79EFBC}") = "LongestSequenceOfEqual", "LongestSequenceOfEqual\LongestSequenceOfEqual.csproj", "{AA842D72-85AA-4321-9202-19591147FD25}"
EndProject
Project("{FAE04EC0-301F-11D3-BF4B-00C04F79EFBC}") = "LongestIncreasingSequence", "LongestIncreasingSequence\LongestIncreasingSequence.csproj", "{C0B677E7-470F-4FD9-9FCA-32A5BC0AD092}"
EndProject
Project("{FAE04EC0-301F-11D3-BF4B-00C04F79EFBC}") = "DigitAsWord", "DigitAsWord\DigitAsWord.csproj", "{8F52705E-0E9C-4736-8736-34C2C412CDCF}"
EndProject
Project("{FAE04EC0-301F-11D3-BF4B-00C04F79EFBC}") = "MaxSumOfSubsequence", "MaxSumOfSubsequence\MaxSumOfSubsequence.csproj", "{BF4C3628-2638-49BB-89A1-CA5D7BEE0237}"
EndProject
Project("{FAE04EC0-301F-11D3-BF4B-00C04F79EFBC}") = "MostFrequent", "MostFrequent\MostFrequent.csproj", "{0F669B7C-7161-4560-83BF-7DD05E60A730}"
EndProject
Project("{FAE04EC0-301F-11D3-BF4B-00C04F79EFBC}") = "MaxSumOf3x3", "MaxSumOf3x3\MaxSumOf3x3.csproj", "{76F0D1FF-AC21-48E2-AA0F-B575C9914532}"
EndProject
Project("{FAE04EC0-301F-11D3-BF4B-00C04F79EFBC}") = "BiggestOfFive", "BiggestOfFive\BiggestOfFive.csproj", "{B7C1C848-C313-49ED-A859-5A64EDC9D194}"
EndProject
Project("{FAE04EC0-301F-11D3-BF4B-00C04F79EFBC}") = "BiggestOfThree", "BiggestOfThree\BiggestOfThree.csproj", "{2FF4442B-3D91-4FB9-904B-F7FAF88C6BB6}"
EndProject
Project("{FAE04EC0-301F-11D3-BF4B-00C04F79EFBC}") = "MultiplicationSign", "MultiplicationSign\MultiplicationSign.csproj", "{CD769ADD-9004-4AE8-B5B5-5D95CA264502}"
EndProject
Project("{FAE04EC0-301F-11D3-BF4B-00C04F79EFBC}") = "CheckForPlayCard", "CheckForPlayCard\CheckForPlayCard.csproj", "{CD08BF2A-1D94-40D5-AFCA-605F2329C8F0}"
EndProject
Project("{FAE04EC0-301F-11D3-BF4B-00C04F79EFBC}") = "BonusScore", "BonusScore\BonusScore.csproj", "{DF9AE231-6D5E-499E-9656-905CC35C48E9}"
EndProject
Project("{FAE04EC0-301F-11D3-BF4B-00C04F79EFBC}") = "TribonacciTriangle", "TribonacciTriangle\TribonacciTriangle.csproj", "{ED587596-EDDA-4CD1-9371-2BF83D690D11}"
EndProject
Global
	GlobalSection(SolutionConfigurationPlatforms) = preSolution
		Debug|Any CPU = Debug|Any CPU
		Release|Any CPU = Release|Any CPU
	EndGlobalSection
	GlobalSection(ProjectConfigurationPlatforms) = postSolution
		{81361DA8-E063-436C-BBB5-A31F2D23988E}.Debug|Any CPU.ActiveCfg = Debug|Any CPU
		{81361DA8-E063-436C-BBB5-A31F2D23988E}.Debug|Any CPU.Build.0 = Debug|Any CPU
		{81361DA8-E063-436C-BBB5-A31F2D23988E}.Release|Any CPU.ActiveCfg = Release|Any CPU
		{81361DA8-E063-436C-BBB5-A31F2D23988E}.Release|Any CPU.Build.0 = Release|Any CPU
		{FDF61EBE-DD20-454F-9DE9-0556058E7EDF}.Debug|Any CPU.ActiveCfg = Debug|Any CPU
		{FDF61EBE-DD20-454F-9DE9-0556058E7EDF}.Debug|Any CPU.Build.0 = Debug|Any CPU
		{FDF61EBE-DD20-454F-9DE9-0556058E7EDF}.Release|Any CPU.ActiveCfg = Release|Any CPU
		{FDF61EBE-DD20-454F-9DE9-0556058E7EDF}.Release|Any CPU.Build.0 = Release|Any CPU
		{ABC6077F-4C81-4512-B05C-F1A95648565A}.Debug|Any CPU.ActiveCfg = Debug|Any CPU
		{ABC6077F-4C81-4512-B05C-F1A95648565A}.Debug|Any CPU.Build.0 = Debug|Any CPU
		{ABC6077F-4C81-4512-B05C-F1A95648565A}.Release|Any CPU.ActiveCfg = Release|Any CPU
		{ABC6077F-4C81-4512-B05C-F1A95648565A}.Release|Any CPU.Build.0 = Release|Any CPU
		{68383BAA-8D7A-4200-AC07-AA6B42C3B4EA}.Debug|Any CPU.ActiveCfg = Debug|Any CPU
		{68383BAA-8D7A-4200-AC07-AA6B42C3B4EA}.Debug|Any CPU.Build.0 = Debug|Any CPU
		{68383BAA-8D7A-4200-AC07-AA6B42C3B4EA}.Release|Any CPU.ActiveCfg = Release|Any CPU
		{68383BAA-8D7A-4200-AC07-AA6B42C3B4EA}.Release|Any CPU.Build.0 = Release|Any CPU
		{B94D271F-73BD-4A3B-BDA7-2C38EDC0B132}.Debug|Any CPU.ActiveCfg = Debug|Any CPU
		{B94D271F-73BD-4A3B-BDA7-2C38EDC0B132}.Debug|Any CPU.Build.0 = Debug|Any CPU
		{B94D271F-73BD-4A3B-BDA7-2C38EDC0B132}.Release|Any CPU.ActiveCfg = Release|Any CPU
		{B94D271F-73BD-4A3B-BDA7-2C38EDC0B132}.Release|Any CPU.Build.0 = Release|Any CPU
		{A44F8BA5-F743-46A5-8316-D0B4C138DF55}.Debug|Any CPU.ActiveCfg = Debug|Any CPU
		{A44F8BA5-F743-46A5-8316-D0B4C138DF55}.Debug|Any CPU.Build.0 = Debug|Any CPU
		{A44F8BA5-F743-46A5-8316-D0B4C138DF55}.Release|Any CPU.ActiveCfg = Release|Any CPU
		{A44F8BA5-F743-46A5-8316-D0B4C138DF55}.Release|Any CPU.Build.0 = Release|Any CPU
		{9518A76F-041A-4B98-8984-7DC4D402ADCD}.Debug|Any CPU.ActiveCfg = Debug|Any CPU
		{9518A76F-041A-4B98-8984-7DC4D402ADCD}.Debug|Any CPU.Build.0 = Debug|Any CPU
		{9518A76F-041A-4B98-8984-7DC4D402ADCD}.Release|Any CPU.ActiveCfg = Release|Any CPU
		{9518A76F-041A-4B98-8984-7DC4D402ADCD}.Release|Any CPU.Build.0 = Release|Any CPU
		{AA842D72-85AA-4321-9202-19591147FD25}.Debug|Any CPU.ActiveCfg = Debug|Any CPU
		{AA842D72-85AA-4321-9202-19591147FD25}.Debug|Any CPU.Build.0 = Debug|Any CPU
		{AA842D72-85AA-4321-9202-19591147FD25}.Release|Any CPU.ActiveCfg = Release|Any CPU
		{AA842D72-85AA-4321-9202-19591147FD25}.Release|Any CPU.Build.0 = Release|Any CPU
		{C0B677E7-470F-4FD9-9FCA-32A5BC0AD092}.Debug|Any CPU.ActiveCfg = Debug|Any CPU
		{C0B677E7-470F-4FD9-9FCA-32A5BC0AD092}.Debug|Any CPU.Build.0 = Debug|Any CPU
		{C0B677E7-470F-4FD9-9FCA-32A5BC0AD092}.Release|Any CPU.ActiveCfg = Release|Any CPU
		{C0B677E7-470F-4FD9-9FCA-32A5BC0AD092}.Release|Any CPU.Build.0 = Release|Any CPU
		{8F52705E-0E9C-4736-8736-34C2C412CDCF}.Debug|Any CPU.ActiveCfg = Debug|Any CPU
		{8F52705E-0E9C-4736-8736-34C2C412CDCF}.Debug|Any CPU.Build.0 = Debug|Any CPU
		{8F52705E-0E9C-4736-8736-34C2C412CDCF}.Release|Any CPU.ActiveCfg = Release|Any CPU
		{8F52705E-0E9C-4736-8736-34C2C412CDCF}.Release|Any CPU.Build.0 = Release|Any CPU
		{BF4C3628-2638-49BB-89A1-CA5D7BEE0237}.Debug|Any CPU.ActiveCfg = Debug|Any CPU
		{BF4C3628-2638-49BB-89A1-CA5D7BEE0237}.Debug|Any CPU.Build.0 = Debug|Any CPU
		{BF4C3628-2638-49BB-89A1-CA5D7BEE0237}.Release|Any CPU.ActiveCfg = Release|Any CPU
		{BF4C3628-2638-49BB-89A1-CA5D7BEE0237}.Release|Any CPU.Build.0 = Release|Any CPU
		{0F669B7C-7161-4560-83BF-7DD05E60A730}.Debug|Any CPU.ActiveCfg = Debug|Any CPU
		{0F669B7C-7161-4560-83BF-7DD05E60A730}.Debug|Any CPU.Build.0 = Debug|Any CPU
		{0F669B7C-7161-4560-83BF-7DD05E60A730}.Release|Any CPU.ActiveCfg = Release|Any CPU
		{0F669B7C-7161-4560-83BF-7DD05E60A730}.Release|Any CPU.Build.0 = Release|Any CPU
		{76F0D1FF-AC21-48E2-AA0F-B575C9914532}.Debug|Any CPU.ActiveCfg = Debug|Any CPU
		{76F0D1FF-AC21-48E2-AA0F-B575C9914532}.Debug|Any CPU.Build.0 = Debug|Any CPU
		{76F0D1FF-AC21-48E2-AA0F-B575C9914532}.Release|Any CPU.ActiveCfg = Release|Any CPU
		{76F0D1FF-AC21-48E2-AA0F-B575C9914532}.Release|Any CPU.Build.0 = Release|Any CPU
		{B7C1C848-C313-49ED-A859-5A64EDC9D194}.Debug|Any CPU.ActiveCfg = Debug|Any CPU
		{B7C1C848-C313-49ED-A859-5A64EDC9D194}.Debug|Any CPU.Build.0 = Debug|Any CPU
		{B7C1C848-C313-49ED-A859-5A64EDC9D194}.Release|Any CPU.ActiveCfg = Release|Any CPU
		{B7C1C848-C313-49ED-A859-5A64EDC9D194}.Release|Any CPU.Build.0 = Release|Any CPU
		{2FF4442B-3D91-4FB9-904B-F7FAF88C6BB6}.Debug|Any CPU.ActiveCfg = Debug|Any CPU
		{2FF4442B-3D91-4FB9-904B-F7FAF88C6BB6}.Debug|Any CPU.Build.0 = Debug|Any CPU
		{2FF4442B-3D91-4FB9-904B-F7FAF88C6BB6}.Release|Any CPU.ActiveCfg = Release|Any CPU
		{2FF4442B-3D91-4FB9-904B-F7FAF88C6BB6}.Release|Any CPU.Build.0 = Release|Any CPU
		{CD769ADD-9004-4AE8-B5B5-5D95CA264502}.Debug|Any CPU.ActiveCfg = Debug|Any CPU
		{CD769ADD-9004-4AE8-B5B5-5D95CA264502}.Debug|Any CPU.Build.0 = Debug|Any CPU
		{CD769ADD-9004-4AE8-B5B5-5D95CA264502}.Release|Any CPU.ActiveCfg = Release|Any CPU
		{CD769ADD-9004-4AE8-B5B5-5D95CA264502}.Release|Any CPU.Build.0 = Release|Any CPU
		{CD08BF2A-1D94-40D5-AFCA-605F2329C8F0}.Debug|Any CPU.ActiveCfg = Debug|Any CPU
		{CD08BF2A-1D94-40D5-AFCA-605F2329C8F0}.Debug|Any CPU.Build.0 = Debug|Any CPU
		{CD08BF2A-1D94-40D5-AFCA-605F2329C8F0}.Release|Any CPU.ActiveCfg = Release|Any CPU
		{CD08BF2A-1D94-40D5-AFCA-605F2329C8F0}.Release|Any CPU.Build.0 = Release|Any CPU
		{DF9AE231-6D5E-499E-9656-905CC35C48E9}.Debug|Any CPU.ActiveCfg = Debug|Any CPU
		{DF9AE231-6D5E-499E-9656-905CC35C48E9}.Debug|Any CPU.Build.0 = Debug|Any CPU
		{DF9AE231-6D5E-499E-9656-905CC35C48E9}.Release|Any CPU.ActiveCfg = Release|Any CPU
		{DF9AE231-6D5E-499E-9656-905CC35C48E9}.Release|Any CPU.Build.0 = Release|Any CPU
		{ED587596-EDDA-4CD1-9371-2BF83D690D11}.Debug|Any CPU.ActiveCfg = Debug|Any CPU
		{ED587596-EDDA-4CD1-9371-2BF83D690D11}.Debug|Any CPU.Build.0 = Debug|Any CPU
		{ED587596-EDDA-4CD1-9371-2BF83D690D11}.Release|Any CPU.ActiveCfg = Release|Any CPU
		{ED587596-EDDA-4CD1-9371-2BF83D690D11}.Release|Any CPU.Build.0 = Release|Any CPU
	EndGlobalSection
	GlobalSection(SolutionProperties) = preSolution
		HideSolutionNode = FALSE
	EndGlobalSection
	GlobalSection(ExtensibilityGlobals) = postSolution
		SolutionGuid = {29AA2831-0C30-42D3-B0C9-CFAE36229AC3}
	EndGlobalSection
EndGlobal
