
Microsoft Visual Studio Solution File, Format Version 12.00
# Visual Studio 15
VisualStudioVersion = 15.0.27130.2010
MinimumVisualStudioVersion = 10.0.40219.1
Project("{FAE04EC0-301F-11D3-BF4B-00C04F79EFBC}") = "Calculate3", "Calculate3\Calculate3.csproj", "{81361DA8-E063-436C-BBB5-A31F2D23988E}"
EndProject
Project("{FAE04EC0-301F-11D3-BF4B-00C04F79EFBC}") = "NotDivisibleNumber", "NotDivisibleNumber\NotDivisibleNumber.csproj", "{FDF61EBE-DD20-454F-9DE9-0556058E7EDF}"
EndProject
Project("{FAE04EC0-301F-11D3-BF4B-00C04F79EFBC}") = "Calculate!", "Calculate!\Calculate!.csproj", "{ABC6077F-4C81-4512-B05C-F1A95648565A}"
EndProject
Project("{FAE04EC0-301F-11D3-BF4B-00C04F79EFBC}") = "MinMaxSumAverage", "MinMaxSumAverage\MinMaxSumAverage.csproj", "{68383BAA-8D7A-4200-AC07-AA6B42C3B4EA}"
EndProject
Project("{FAE04EC0-301F-11D3-BF4B-00C04F79EFBC}") = "SayHello", "SayHello\SayHello.csproj", "{B94D271F-73BD-4A3B-BDA7-2C38EDC0B132}"
EndProject
Project("{FAE04EC0-301F-11D3-BF4B-00C04F79EFBC}") = "CalculateAgain", "CalculateAgain\CalculateAgain.csproj", "{A44F8BA5-F743-46A5-8316-D0B4C138DF55}"
EndProject
Project("{FAE04EC0-301F-11D3-BF4B-00C04F79EFBC}") = "SpiralMatrix", "SpiralMatrix\SpiralMatrix.csproj", "{9518A76F-041A-4B98-8984-7DC4D402ADCD}"
EndProject
Project("{FAE04EC0-301F-11D3-BF4B-00C04F79EFBC}") = "LongestSequenceOfEqual", "LongestSequenceOfEqual\LongestSequenceOfEqual.csproj", "{AA842D72-85AA-4321-9202-19591147FD25}"
EndProject
Project("{FAE04EC0-301F-11D3-BF4B-00C04F79EFBC}") = "LongestIncreasingSequence", "LongestIncreasingSequence\LongestIncreasingSequence.csproj", "{C0B677E7-470F-4FD9-9FCA-32A5BC0AD092}"
EndProject
Project("{FAE04EC0-301F-11D3-BF4B-00C04F79EFBC}") = "DigitAsWord", "DigitAsWord\DigitAsWord.csproj", "{8F52705E-0E9C-4736-8736-34C2C412CDCF}"
EndProject
Project("{FAE04EC0-301F-11D3-BF4B-00C04F79EFBC}") = "MaxSumOfSubsequence", "MaxSumOfSubsequence\MaxSumOfSubsequence.csproj", "{BF4C3628-2638-49BB-89A1-CA5D7BEE0237}"
EndProject
Project("{FAE04EC0-301F-11D3-BF4B-00C04F79EFBC}") = "MostFrequent", "MostFrequent\MostFrequent.csproj", "{0F669B7C-7161-4560-83BF-7DD05E60A730}"
EndProject
Project("{FAE04EC0-301F-11D3-BF4B-00C04F79EFBC}") = "MaxSumOf3x3", "MaxSumOf3x3\MaxSumOf3x3.csproj", "{76F0D1FF-AC21-48E2-AA0F-B575C9914532}"
EndProject
Project("{FAE04EC0-301F-11D3-BF4B-00C04F79EFBC}") = "BiggestOfFive", "BiggestOfFive\BiggestOfFive.csproj", "{B7C1C848-C313-49ED-A859-5A64EDC9D194}"
EndProject
Project("{FAE04EC0-301F-11D3-BF4B-00C04F79EFBC}") = "BiggestOfThree", "BiggestOfThree\BiggestOfThree.csproj", "{2FF4442B-3D91-4FB9-904B-F7FAF88C6BB6}"
EndProject
Project("{FAE04EC0-301F-11D3-BF4B-00C04F79EFBC}") = "MultiplicationSign", "MultiplicationSign\MultiplicationSign.csproj", "{CD769ADD-9004-4AE8-B5B5-5D95CA264502}"
EndProject
Project("{FAE04EC0-301F-11D3-BF4B-00C04F79EFBC}") = "CheckForPlayCard", "CheckForPlayCard\CheckForPlayCard.csproj", "{CD08BF2A-1D94-40D5-AFCA-605F2329C8F0}"
EndProject
Project("{FAE04EC0-301F-11D3-BF4B-00C04F79EFBC}") = "BonusScore", "BonusScore\BonusScore.csproj", "{DF9AE231-6D5E-499E-9656-905CC35C48E9}"
EndProject
Project("{FAE04EC0-301F-11D3-BF4B-00C04F79EFBC}") = "TribonacciTriangle", "TribonacciTriangle\TribonacciTriangle.csproj", "{ED587596-EDDA-4CD1-9371-2BF83D690D11}"
EndProject
Project("{FAE04EC0-301F-11D3-BF4B-00C04F79EFBC}") = "Trapezoid", "Trapezoid\Trapezoid.csproj", "{E9953F7C-8A3F-42FB-9476-31373551F0E0}"
EndProject
Project("{FAE04EC0-301F-11D3-BF4B-00C04F79EFBC}") = "DecimalToHexadecimal", "DecimalToHexadecimal\DecimalToHexadecimal.csproj", "{B520DC87-6AD6-46E2-8A24-D96FC22FE905}"
EndProject
Project("{FAE04EC0-301F-11D3-BF4B-00C04F79EFBC}") = "AppearanceCount", "AppearanceCount\AppearanceCount.csproj", "{7A786E00-DBF8-4FD2-81E3-558617D4D9CE}"
EndProject
Project("{FAE04EC0-301F-11D3-BF4B-00C04F79EFBC}") = "LargerThanNeighbours", "LargerThanNeighbours\LargerThanNeighbours.csproj", "{724956E9-3A07-47F5-9C94-EBDBFBCD5B3B}"
EndProject
Project("{FAE04EC0-301F-11D3-BF4B-00C04F79EFBC}") = "IntDoubleString", "IntDoubleString\IntDoubleString.csproj", "{ED5D8B60-0EDD-4DA6-A567-13597A1A8E29}"
EndProject
Project("{FAE04EC0-301F-11D3-BF4B-00C04F79EFBC}") = "FirstLargestThanNeighbours", "FirstLargestThanNeighbours\FirstLargestThanNeighbours.csproj", "{6650D759-6CF8-4768-A409-93B8779700DC}"
EndProject
Project("{FAE04EC0-301F-11D3-BF4B-00C04F79EFBC}") = "BinaryToDecimal", "BinaryToDecimal\BinaryToDecimal.csproj", "{2B2DC8C9-A49D-4E56-A11C-D4A26686BF7E}"
EndProject
Project("{FAE04EC0-301F-11D3-BF4B-00C04F79EFBC}") = "HexadecimalToDecimal", "HexadecimalToDecimal\HexadecimalToDecimal.csproj", "{90D7BA4A-E389-4F50-BAE0-E69F5E377FE7}"
EndProject
Project("{FAE04EC0-301F-11D3-BF4B-00C04F79EFBC}") = "Recursion", "Recursion\Recursion.csproj", "{307D0103-DDE4-4120-A2B3-0F8050A17B32}"
EndProject
Project("{FAE04EC0-301F-11D3-BF4B-00C04F79EFBC}") = "TopologicalSort-Actions", "TopologicalSort-Actions\TopologicalSort-Actions.csproj", "{F0A8FED2-A047-424B-9BC2-0A81F6509E58}"
EndProject
Project("{FAE04EC0-301F-11D3-BF4B-00C04F79EFBC}") = "BFS", "BFS\BFS.csproj", "{FDDEE5B7-0A8B-4AF8-B3F0-8036A0FB13A8}"
EndProject
Project("{FAE04EC0-301F-11D3-BF4B-00C04F79EFBC}") = "DFS", "DFS\DFS.csproj", "{9FEAE23B-4A12-4ADD-992E-CA99B80774F0}"
EndProject
Project("{FAE04EC0-301F-11D3-BF4B-00C04F79EFBC}") = "LargestAreaInMatrix", "LargestAreaInMatrix\LargestAreaInMatrix.csproj", "{D3494AA2-56CA-492F-B8EC-5C2BD07287FC}"
EndProject
Project("{FAE04EC0-301F-11D3-BF4B-00C04F79EFBC}") = "Dijkstra", "Dijkstra\Dijkstra.csproj", "{55A9AE62-B3D4-41D8-995A-097283B7CDCC}"
EndProject
Project("{FAE04EC0-301F-11D3-BF4B-00C04F79EFBC}") = "BracketsExpression", "BracketsExpression\BracketsExpression.csproj", "{BB455128-0987-4E24-8106-01B7B32475B6}"
EndProject
Project("{FAE04EC0-301F-11D3-BF4B-00C04F79EFBC}") = "MaxPath", "MaxPath\MaxPath.csproj", "{2C6A7BB1-466D-4F90-84D9-0C8FEA192280}"
EndProject
Project("{FAE04EC0-301F-11D3-BF4B-00C04F79EFBC}") = "Bridges", "Bridges\Bridges.csproj", "{81F8A286-6217-44BA-9508-A6CA35688150}"
EndProject
Project("{FAE04EC0-301F-11D3-BF4B-00C04F79EFBC}") = "BFS-DFS", "BFS-DFS\BFS-DFS.csproj", "{43CCF20F-E1AB-4CF7-A2E8-66AB3BC2A50C}"
EndProject
Project("{FAE04EC0-301F-11D3-BF4B-00C04F79EFBC}") = "FindMaxPath", "FindMaxPath\FindMaxPath.csproj", "{B09D1792-D9C9-4935-96D6-EA1B68BE1126}"
EndProject
Project("{FAE04EC0-301F-11D3-BF4B-00C04F79EFBC}") = "LinkedList", "LinkedList\LinkedList.csproj", "{4B580BDD-FFFD-4401-BBF7-FB40C8234A9B}"
EndProject
Project("{FAE04EC0-301F-11D3-BF4B-00C04F79EFBC}") = "ORDER_SYSTEM", "ORDER_SYSTEM\ORDER_SYSTEM.csproj", "{6922DBF3-E777-4360-B5DD-DC63E5803F1E}"
EndProject
Global
	GlobalSection(SolutionConfigurationPlatforms) = preSolution
		Debug|Any CPU = Debug|Any CPU
		Release|Any CPU = Release|Any CPU
	EndGlobalSection
	GlobalSection(ProjectConfigurationPlatforms) = postSolution
		{81361DA8-E063-436C-BBB5-A31F2D23988E}.Debug|Any CPU.ActiveCfg = Debug|Any CPU
		{81361DA8-E063-436C-BBB5-A31F2D23988E}.Debug|Any CPU.Build.0 = Debug|Any CPU
		{81361DA8-E063-436C-BBB5-A31F2D23988E}.Release|Any CPU.ActiveCfg = Release|Any CPU
		{81361DA8-E063-436C-BBB5-A31F2D23988E}.Release|Any CPU.Build.0 = Release|Any CPU
		{FDF61EBE-DD20-454F-9DE9-0556058E7EDF}.Debug|Any CPU.ActiveCfg = Debug|Any CPU
		{FDF61EBE-DD20-454F-9DE9-0556058E7EDF}.Debug|Any CPU.Build.0 = Debug|Any CPU
		{FDF61EBE-DD20-454F-9DE9-0556058E7EDF}.Release|Any CPU.ActiveCfg = Release|Any CPU
		{FDF61EBE-DD20-454F-9DE9-0556058E7EDF}.Release|Any CPU.Build.0 = Release|Any CPU
		{ABC6077F-4C81-4512-B05C-F1A95648565A}.Debug|Any CPU.ActiveCfg = Debug|Any CPU
		{ABC6077F-4C81-4512-B05C-F1A95648565A}.Debug|Any CPU.Build.0 = Debug|Any CPU
		{ABC6077F-4C81-4512-B05C-F1A95648565A}.Release|Any CPU.ActiveCfg = Release|Any CPU
		{ABC6077F-4C81-4512-B05C-F1A95648565A}.Release|Any CPU.Build.0 = Release|Any CPU
		{68383BAA-8D7A-4200-AC07-AA6B42C3B4EA}.Debug|Any CPU.ActiveCfg = Debug|Any CPU
		{68383BAA-8D7A-4200-AC07-AA6B42C3B4EA}.Debug|Any CPU.Build.0 = Debug|Any CPU
		{68383BAA-8D7A-4200-AC07-AA6B42C3B4EA}.Release|Any CPU.ActiveCfg = Release|Any CPU
		{68383BAA-8D7A-4200-AC07-AA6B42C3B4EA}.Release|Any CPU.Build.0 = Release|Any CPU
		{B94D271F-73BD-4A3B-BDA7-2C38EDC0B132}.Debug|Any CPU.ActiveCfg = Debug|Any CPU
		{B94D271F-73BD-4A3B-BDA7-2C38EDC0B132}.Debug|Any CPU.Build.0 = Debug|Any CPU
		{B94D271F-73BD-4A3B-BDA7-2C38EDC0B132}.Release|Any CPU.ActiveCfg = Release|Any CPU
		{B94D271F-73BD-4A3B-BDA7-2C38EDC0B132}.Release|Any CPU.Build.0 = Release|Any CPU
		{A44F8BA5-F743-46A5-8316-D0B4C138DF55}.Debug|Any CPU.ActiveCfg = Debug|Any CPU
		{A44F8BA5-F743-46A5-8316-D0B4C138DF55}.Debug|Any CPU.Build.0 = Debug|Any CPU
		{A44F8BA5-F743-46A5-8316-D0B4C138DF55}.Release|Any CPU.ActiveCfg = Release|Any CPU
		{A44F8BA5-F743-46A5-8316-D0B4C138DF55}.Release|Any CPU.Build.0 = Release|Any CPU
		{9518A76F-041A-4B98-8984-7DC4D402ADCD}.Debug|Any CPU.ActiveCfg = Debug|Any CPU
		{9518A76F-041A-4B98-8984-7DC4D402ADCD}.Debug|Any CPU.Build.0 = Debug|Any CPU
		{9518A76F-041A-4B98-8984-7DC4D402ADCD}.Release|Any CPU.ActiveCfg = Release|Any CPU
		{9518A76F-041A-4B98-8984-7DC4D402ADCD}.Release|Any CPU.Build.0 = Release|Any CPU
		{AA842D72-85AA-4321-9202-19591147FD25}.Debug|Any CPU.ActiveCfg = Debug|Any CPU
		{AA842D72-85AA-4321-9202-19591147FD25}.Debug|Any CPU.Build.0 = Debug|Any CPU
		{AA842D72-85AA-4321-9202-19591147FD25}.Release|Any CPU.ActiveCfg = Release|Any CPU
		{AA842D72-85AA-4321-9202-19591147FD25}.Release|Any CPU.Build.0 = Release|Any CPU
		{C0B677E7-470F-4FD9-9FCA-32A5BC0AD092}.Debug|Any CPU.ActiveCfg = Debug|Any CPU
		{C0B677E7-470F-4FD9-9FCA-32A5BC0AD092}.Debug|Any CPU.Build.0 = Debug|Any CPU
		{C0B677E7-470F-4FD9-9FCA-32A5BC0AD092}.Release|Any CPU.ActiveCfg = Release|Any CPU
		{C0B677E7-470F-4FD9-9FCA-32A5BC0AD092}.Release|Any CPU.Build.0 = Release|Any CPU
		{8F52705E-0E9C-4736-8736-34C2C412CDCF}.Debug|Any CPU.ActiveCfg = Debug|Any CPU
		{8F52705E-0E9C-4736-8736-34C2C412CDCF}.Debug|Any CPU.Build.0 = Debug|Any CPU
		{8F52705E-0E9C-4736-8736-34C2C412CDCF}.Release|Any CPU.ActiveCfg = Release|Any CPU
		{8F52705E-0E9C-4736-8736-34C2C412CDCF}.Release|Any CPU.Build.0 = Release|Any CPU
		{BF4C3628-2638-49BB-89A1-CA5D7BEE0237}.Debug|Any CPU.ActiveCfg = Debug|Any CPU
		{BF4C3628-2638-49BB-89A1-CA5D7BEE0237}.Debug|Any CPU.Build.0 = Debug|Any CPU
		{BF4C3628-2638-49BB-89A1-CA5D7BEE0237}.Release|Any CPU.ActiveCfg = Release|Any CPU
		{BF4C3628-2638-49BB-89A1-CA5D7BEE0237}.Release|Any CPU.Build.0 = Release|Any CPU
		{0F669B7C-7161-4560-83BF-7DD05E60A730}.Debug|Any CPU.ActiveCfg = Debug|Any CPU
		{0F669B7C-7161-4560-83BF-7DD05E60A730}.Debug|Any CPU.Build.0 = Debug|Any CPU
		{0F669B7C-7161-4560-83BF-7DD05E60A730}.Release|Any CPU.ActiveCfg = Release|Any CPU
		{0F669B7C-7161-4560-83BF-7DD05E60A730}.Release|Any CPU.Build.0 = Release|Any CPU
		{76F0D1FF-AC21-48E2-AA0F-B575C9914532}.Debug|Any CPU.ActiveCfg = Debug|Any CPU
		{76F0D1FF-AC21-48E2-AA0F-B575C9914532}.Debug|Any CPU.Build.0 = Debug|Any CPU
		{76F0D1FF-AC21-48E2-AA0F-B575C9914532}.Release|Any CPU.ActiveCfg = Release|Any CPU
		{76F0D1FF-AC21-48E2-AA0F-B575C9914532}.Release|Any CPU.Build.0 = Release|Any CPU
		{B7C1C848-C313-49ED-A859-5A64EDC9D194}.Debug|Any CPU.ActiveCfg = Debug|Any CPU
		{B7C1C848-C313-49ED-A859-5A64EDC9D194}.Debug|Any CPU.Build.0 = Debug|Any CPU
		{B7C1C848-C313-49ED-A859-5A64EDC9D194}.Release|Any CPU.ActiveCfg = Release|Any CPU
		{B7C1C848-C313-49ED-A859-5A64EDC9D194}.Release|Any CPU.Build.0 = Release|Any CPU
		{2FF4442B-3D91-4FB9-904B-F7FAF88C6BB6}.Debug|Any CPU.ActiveCfg = Debug|Any CPU
		{2FF4442B-3D91-4FB9-904B-F7FAF88C6BB6}.Debug|Any CPU.Build.0 = Debug|Any CPU
		{2FF4442B-3D91-4FB9-904B-F7FAF88C6BB6}.Release|Any CPU.ActiveCfg = Release|Any CPU
		{2FF4442B-3D91-4FB9-904B-F7FAF88C6BB6}.Release|Any CPU.Build.0 = Release|Any CPU
		{CD769ADD-9004-4AE8-B5B5-5D95CA264502}.Debug|Any CPU.ActiveCfg = Debug|Any CPU
		{CD769ADD-9004-4AE8-B5B5-5D95CA264502}.Debug|Any CPU.Build.0 = Debug|Any CPU
		{CD769ADD-9004-4AE8-B5B5-5D95CA264502}.Release|Any CPU.ActiveCfg = Release|Any CPU
		{CD769ADD-9004-4AE8-B5B5-5D95CA264502}.Release|Any CPU.Build.0 = Release|Any CPU
		{CD08BF2A-1D94-40D5-AFCA-605F2329C8F0}.Debug|Any CPU.ActiveCfg = Debug|Any CPU
		{CD08BF2A-1D94-40D5-AFCA-605F2329C8F0}.Debug|Any CPU.Build.0 = Debug|Any CPU
		{CD08BF2A-1D94-40D5-AFCA-605F2329C8F0}.Release|Any CPU.ActiveCfg = Release|Any CPU
		{CD08BF2A-1D94-40D5-AFCA-605F2329C8F0}.Release|Any CPU.Build.0 = Release|Any CPU
		{DF9AE231-6D5E-499E-9656-905CC35C48E9}.Debug|Any CPU.ActiveCfg = Debug|Any CPU
		{DF9AE231-6D5E-499E-9656-905CC35C48E9}.Debug|Any CPU.Build.0 = Debug|Any CPU
		{DF9AE231-6D5E-499E-9656-905CC35C48E9}.Release|Any CPU.ActiveCfg = Release|Any CPU
		{DF9AE231-6D5E-499E-9656-905CC35C48E9}.Release|Any CPU.Build.0 = Release|Any CPU
		{ED587596-EDDA-4CD1-9371-2BF83D690D11}.Debug|Any CPU.ActiveCfg = Debug|Any CPU
		{ED587596-EDDA-4CD1-9371-2BF83D690D11}.Debug|Any CPU.Build.0 = Debug|Any CPU
		{ED587596-EDDA-4CD1-9371-2BF83D690D11}.Release|Any CPU.ActiveCfg = Release|Any CPU
		{ED587596-EDDA-4CD1-9371-2BF83D690D11}.Release|Any CPU.Build.0 = Release|Any CPU
		{E9953F7C-8A3F-42FB-9476-31373551F0E0}.Debug|Any CPU.ActiveCfg = Debug|Any CPU
		{E9953F7C-8A3F-42FB-9476-31373551F0E0}.Debug|Any CPU.Build.0 = Debug|Any CPU
		{E9953F7C-8A3F-42FB-9476-31373551F0E0}.Release|Any CPU.ActiveCfg = Release|Any CPU
		{E9953F7C-8A3F-42FB-9476-31373551F0E0}.Release|Any CPU.Build.0 = Release|Any CPU
		{B520DC87-6AD6-46E2-8A24-D96FC22FE905}.Debug|Any CPU.ActiveCfg = Debug|Any CPU
		{B520DC87-6AD6-46E2-8A24-D96FC22FE905}.Debug|Any CPU.Build.0 = Debug|Any CPU
		{B520DC87-6AD6-46E2-8A24-D96FC22FE905}.Release|Any CPU.ActiveCfg = Release|Any CPU
		{B520DC87-6AD6-46E2-8A24-D96FC22FE905}.Release|Any CPU.Build.0 = Release|Any CPU
		{7A786E00-DBF8-4FD2-81E3-558617D4D9CE}.Debug|Any CPU.ActiveCfg = Debug|Any CPU
		{7A786E00-DBF8-4FD2-81E3-558617D4D9CE}.Debug|Any CPU.Build.0 = Debug|Any CPU
		{7A786E00-DBF8-4FD2-81E3-558617D4D9CE}.Release|Any CPU.ActiveCfg = Release|Any CPU
		{7A786E00-DBF8-4FD2-81E3-558617D4D9CE}.Release|Any CPU.Build.0 = Release|Any CPU
		{724956E9-3A07-47F5-9C94-EBDBFBCD5B3B}.Debug|Any CPU.ActiveCfg = Debug|Any CPU
		{724956E9-3A07-47F5-9C94-EBDBFBCD5B3B}.Debug|Any CPU.Build.0 = Debug|Any CPU
		{724956E9-3A07-47F5-9C94-EBDBFBCD5B3B}.Release|Any CPU.ActiveCfg = Release|Any CPU
		{724956E9-3A07-47F5-9C94-EBDBFBCD5B3B}.Release|Any CPU.Build.0 = Release|Any CPU
		{ED5D8B60-0EDD-4DA6-A567-13597A1A8E29}.Debug|Any CPU.ActiveCfg = Debug|Any CPU
		{ED5D8B60-0EDD-4DA6-A567-13597A1A8E29}.Debug|Any CPU.Build.0 = Debug|Any CPU
		{ED5D8B60-0EDD-4DA6-A567-13597A1A8E29}.Release|Any CPU.ActiveCfg = Release|Any CPU
		{ED5D8B60-0EDD-4DA6-A567-13597A1A8E29}.Release|Any CPU.Build.0 = Release|Any CPU
		{6650D759-6CF8-4768-A409-93B8779700DC}.Debug|Any CPU.ActiveCfg = Debug|Any CPU
		{6650D759-6CF8-4768-A409-93B8779700DC}.Debug|Any CPU.Build.0 = Debug|Any CPU
		{6650D759-6CF8-4768-A409-93B8779700DC}.Release|Any CPU.ActiveCfg = Release|Any CPU
		{6650D759-6CF8-4768-A409-93B8779700DC}.Release|Any CPU.Build.0 = Release|Any CPU
		{2B2DC8C9-A49D-4E56-A11C-D4A26686BF7E}.Debug|Any CPU.ActiveCfg = Debug|Any CPU
		{2B2DC8C9-A49D-4E56-A11C-D4A26686BF7E}.Debug|Any CPU.Build.0 = Debug|Any CPU
		{2B2DC8C9-A49D-4E56-A11C-D4A26686BF7E}.Release|Any CPU.ActiveCfg = Release|Any CPU
		{2B2DC8C9-A49D-4E56-A11C-D4A26686BF7E}.Release|Any CPU.Build.0 = Release|Any CPU
		{90D7BA4A-E389-4F50-BAE0-E69F5E377FE7}.Debug|Any CPU.ActiveCfg = Debug|Any CPU
		{90D7BA4A-E389-4F50-BAE0-E69F5E377FE7}.Debug|Any CPU.Build.0 = Debug|Any CPU
		{90D7BA4A-E389-4F50-BAE0-E69F5E377FE7}.Release|Any CPU.ActiveCfg = Release|Any CPU
		{90D7BA4A-E389-4F50-BAE0-E69F5E377FE7}.Release|Any CPU.Build.0 = Release|Any CPU
		{307D0103-DDE4-4120-A2B3-0F8050A17B32}.Debug|Any CPU.ActiveCfg = Debug|Any CPU
		{307D0103-DDE4-4120-A2B3-0F8050A17B32}.Debug|Any CPU.Build.0 = Debug|Any CPU
		{307D0103-DDE4-4120-A2B3-0F8050A17B32}.Release|Any CPU.ActiveCfg = Release|Any CPU
		{307D0103-DDE4-4120-A2B3-0F8050A17B32}.Release|Any CPU.Build.0 = Release|Any CPU
		{F0A8FED2-A047-424B-9BC2-0A81F6509E58}.Debug|Any CPU.ActiveCfg = Debug|Any CPU
		{F0A8FED2-A047-424B-9BC2-0A81F6509E58}.Debug|Any CPU.Build.0 = Debug|Any CPU
		{F0A8FED2-A047-424B-9BC2-0A81F6509E58}.Release|Any CPU.ActiveCfg = Release|Any CPU
		{F0A8FED2-A047-424B-9BC2-0A81F6509E58}.Release|Any CPU.Build.0 = Release|Any CPU
		{FDDEE5B7-0A8B-4AF8-B3F0-8036A0FB13A8}.Debug|Any CPU.ActiveCfg = Debug|Any CPU
		{FDDEE5B7-0A8B-4AF8-B3F0-8036A0FB13A8}.Debug|Any CPU.Build.0 = Debug|Any CPU
		{FDDEE5B7-0A8B-4AF8-B3F0-8036A0FB13A8}.Release|Any CPU.ActiveCfg = Release|Any CPU
		{FDDEE5B7-0A8B-4AF8-B3F0-8036A0FB13A8}.Release|Any CPU.Build.0 = Release|Any CPU
		{9FEAE23B-4A12-4ADD-992E-CA99B80774F0}.Debug|Any CPU.ActiveCfg = Debug|Any CPU
		{9FEAE23B-4A12-4ADD-992E-CA99B80774F0}.Debug|Any CPU.Build.0 = Debug|Any CPU
		{9FEAE23B-4A12-4ADD-992E-CA99B80774F0}.Release|Any CPU.ActiveCfg = Release|Any CPU
		{9FEAE23B-4A12-4ADD-992E-CA99B80774F0}.Release|Any CPU.Build.0 = Release|Any CPU
		{D3494AA2-56CA-492F-B8EC-5C2BD07287FC}.Debug|Any CPU.ActiveCfg = Debug|Any CPU
		{D3494AA2-56CA-492F-B8EC-5C2BD07287FC}.Debug|Any CPU.Build.0 = Debug|Any CPU
		{D3494AA2-56CA-492F-B8EC-5C2BD07287FC}.Release|Any CPU.ActiveCfg = Release|Any CPU
		{D3494AA2-56CA-492F-B8EC-5C2BD07287FC}.Release|Any CPU.Build.0 = Release|Any CPU
		{55A9AE62-B3D4-41D8-995A-097283B7CDCC}.Debug|Any CPU.ActiveCfg = Debug|Any CPU
		{55A9AE62-B3D4-41D8-995A-097283B7CDCC}.Debug|Any CPU.Build.0 = Debug|Any CPU
		{55A9AE62-B3D4-41D8-995A-097283B7CDCC}.Release|Any CPU.ActiveCfg = Release|Any CPU
		{55A9AE62-B3D4-41D8-995A-097283B7CDCC}.Release|Any CPU.Build.0 = Release|Any CPU
		{BB455128-0987-4E24-8106-01B7B32475B6}.Debug|Any CPU.ActiveCfg = Debug|Any CPU
		{BB455128-0987-4E24-8106-01B7B32475B6}.Debug|Any CPU.Build.0 = Debug|Any CPU
		{BB455128-0987-4E24-8106-01B7B32475B6}.Release|Any CPU.ActiveCfg = Release|Any CPU
		{BB455128-0987-4E24-8106-01B7B32475B6}.Release|Any CPU.Build.0 = Release|Any CPU
		{2C6A7BB1-466D-4F90-84D9-0C8FEA192280}.Debug|Any CPU.ActiveCfg = Debug|Any CPU
		{2C6A7BB1-466D-4F90-84D9-0C8FEA192280}.Debug|Any CPU.Build.0 = Debug|Any CPU
		{2C6A7BB1-466D-4F90-84D9-0C8FEA192280}.Release|Any CPU.ActiveCfg = Release|Any CPU
		{2C6A7BB1-466D-4F90-84D9-0C8FEA192280}.Release|Any CPU.Build.0 = Release|Any CPU
		{81F8A286-6217-44BA-9508-A6CA35688150}.Debug|Any CPU.ActiveCfg = Debug|Any CPU
		{81F8A286-6217-44BA-9508-A6CA35688150}.Debug|Any CPU.Build.0 = Debug|Any CPU
		{81F8A286-6217-44BA-9508-A6CA35688150}.Release|Any CPU.ActiveCfg = Release|Any CPU
		{81F8A286-6217-44BA-9508-A6CA35688150}.Release|Any CPU.Build.0 = Release|Any CPU
		{43CCF20F-E1AB-4CF7-A2E8-66AB3BC2A50C}.Debug|Any CPU.ActiveCfg = Debug|Any CPU
		{43CCF20F-E1AB-4CF7-A2E8-66AB3BC2A50C}.Debug|Any CPU.Build.0 = Debug|Any CPU
		{43CCF20F-E1AB-4CF7-A2E8-66AB3BC2A50C}.Release|Any CPU.ActiveCfg = Release|Any CPU
		{43CCF20F-E1AB-4CF7-A2E8-66AB3BC2A50C}.Release|Any CPU.Build.0 = Release|Any CPU
		{B09D1792-D9C9-4935-96D6-EA1B68BE1126}.Debug|Any CPU.ActiveCfg = Debug|Any CPU
		{B09D1792-D9C9-4935-96D6-EA1B68BE1126}.Debug|Any CPU.Build.0 = Debug|Any CPU
		{B09D1792-D9C9-4935-96D6-EA1B68BE1126}.Release|Any CPU.ActiveCfg = Release|Any CPU
		{B09D1792-D9C9-4935-96D6-EA1B68BE1126}.Release|Any CPU.Build.0 = Release|Any CPU
		{4B580BDD-FFFD-4401-BBF7-FB40C8234A9B}.Debug|Any CPU.ActiveCfg = Debug|Any CPU
		{4B580BDD-FFFD-4401-BBF7-FB40C8234A9B}.Debug|Any CPU.Build.0 = Debug|Any CPU
		{4B580BDD-FFFD-4401-BBF7-FB40C8234A9B}.Release|Any CPU.ActiveCfg = Release|Any CPU
		{4B580BDD-FFFD-4401-BBF7-FB40C8234A9B}.Release|Any CPU.Build.0 = Release|Any CPU
		{6922DBF3-E777-4360-B5DD-DC63E5803F1E}.Debug|Any CPU.ActiveCfg = Debug|Any CPU
		{6922DBF3-E777-4360-B5DD-DC63E5803F1E}.Debug|Any CPU.Build.0 = Debug|Any CPU
		{6922DBF3-E777-4360-B5DD-DC63E5803F1E}.Release|Any CPU.ActiveCfg = Release|Any CPU
		{6922DBF3-E777-4360-B5DD-DC63E5803F1E}.Release|Any CPU.Build.0 = Release|Any CPU
	EndGlobalSection
	GlobalSection(SolutionProperties) = preSolution
		HideSolutionNode = FALSE
	EndGlobalSection
	GlobalSection(ExtensibilityGlobals) = postSolution
		SolutionGuid = {29AA2831-0C30-42D3-B0C9-CFAE36229AC3}
	EndGlobalSection
EndGlobal
