
Microsoft Visual Studio Solution File, Format Version 12.00
# Visual Studio 15
VisualStudioVersion = 15.0.27130.2010
MinimumVisualStudioVersion = 10.0.40219.1
Project("{FAE04EC0-301F-11D3-BF4B-00C04F79EFBC}") = "01. CokiSkoki", "01. CokiSkoki\01. CokiSkoki.csproj", "{4975F8E0-B780-47CC-90F7-07C8B4BB78F1}"
EndProject
Project("{FAE04EC0-301F-11D3-BF4B-00C04F79EFBC}") = "02. MessagesInBottle", "02. MessagesInBottle\02. MessagesInBottle.csproj", "{5022CFA8-2219-47D3-AEC4-D678B994F2EF}"
EndProject
Project("{FAE04EC0-301F-11D3-BF4B-00C04F79EFBC}") = "03. JediMeditation", "03. JediMeditation\03. JediMeditation.csproj", "{8B852456-CE68-4812-95FB-BFFF3DA2A371}"
EndProject
Project("{FAE04EC0-301F-11D3-BF4B-00C04F79EFBC}") = "04. LargestAreaInMatrix", "04. LargestAreaInMatrix\04. LargestAreaInMatrix.csproj", "{0E63EF2E-6CA7-4039-88FA-3078A96B9F85}"
EndProject
Project("{FAE04EC0-301F-11D3-BF4B-00C04F79EFBC}") = "05. Actions", "05. Actions\05. Actions.csproj", "{DBDF541C-302F-46D0-BB78-2405FEE5B083}"
EndProject
Global
	GlobalSection(SolutionConfigurationPlatforms) = preSolution
		Debug|Any CPU = Debug|Any CPU
		Release|Any CPU = Release|Any CPU
	EndGlobalSection
	GlobalSection(ProjectConfigurationPlatforms) = postSolution
		{4975F8E0-B780-47CC-90F7-07C8B4BB78F1}.Debug|Any CPU.ActiveCfg = Debug|Any CPU
		{4975F8E0-B780-47CC-90F7-07C8B4BB78F1}.Debug|Any CPU.Build.0 = Debug|Any CPU
		{4975F8E0-B780-47CC-90F7-07C8B4BB78F1}.Release|Any CPU.ActiveCfg = Release|Any CPU
		{4975F8E0-B780-47CC-90F7-07C8B4BB78F1}.Release|Any CPU.Build.0 = Release|Any CPU
		{5022CFA8-2219-47D3-AEC4-D678B994F2EF}.Debug|Any CPU.ActiveCfg = Debug|Any CPU
		{5022CFA8-2219-47D3-AEC4-D678B994F2EF}.Debug|Any CPU.Build.0 = Debug|Any CPU
		{5022CFA8-2219-47D3-AEC4-D678B994F2EF}.Release|Any CPU.ActiveCfg = Release|Any CPU
		{5022CFA8-2219-47D3-AEC4-D678B994F2EF}.Release|Any CPU.Build.0 = Release|Any CPU
		{8B852456-CE68-4812-95FB-BFFF3DA2A371}.Debug|Any CPU.ActiveCfg = Debug|Any CPU
		{8B852456-CE68-4812-95FB-BFFF3DA2A371}.Debug|Any CPU.Build.0 = Debug|Any CPU
		{8B852456-CE68-4812-95FB-BFFF3DA2A371}.Release|Any CPU.ActiveCfg = Release|Any CPU
		{8B852456-CE68-4812-95FB-BFFF3DA2A371}.Release|Any CPU.Build.0 = Release|Any CPU
		{0E63EF2E-6CA7-4039-88FA-3078A96B9F85}.Debug|Any CPU.ActiveCfg = Debug|Any CPU
		{0E63EF2E-6CA7-4039-88FA-3078A96B9F85}.Debug|Any CPU.Build.0 = Debug|Any CPU
		{0E63EF2E-6CA7-4039-88FA-3078A96B9F85}.Release|Any CPU.ActiveCfg = Release|Any CPU
		{0E63EF2E-6CA7-4039-88FA-3078A96B9F85}.Release|Any CPU.Build.0 = Release|Any CPU
		{DBDF541C-302F-46D0-BB78-2405FEE5B083}.Debug|Any CPU.ActiveCfg = Debug|Any CPU
		{DBDF541C-302F-46D0-BB78-2405FEE5B083}.Debug|Any CPU.Build.0 = Debug|Any CPU
		{DBDF541C-302F-46D0-BB78-2405FEE5B083}.Release|Any CPU.ActiveCfg = Release|Any CPU
		{DBDF541C-302F-46D0-BB78-2405FEE5B083}.Release|Any CPU.Build.0 = Release|Any CPU
	EndGlobalSection
	GlobalSection(SolutionProperties) = preSolution
		HideSolutionNode = FALSE
	EndGlobalSection
	GlobalSection(ExtensibilityGlobals) = postSolution
		SolutionGuid = {80515B9C-262E-4A94-9452-D9663AF6CC9E}
	EndGlobalSection
EndGlobal
