
Microsoft Visual Studio Solution File, Format Version 12.00
# Visual Studio 15
VisualStudioVersion = 15.0.27004.2009
MinimumVisualStudioVersion = 10.0.40219.1
Project("{FAE04EC0-301F-11D3-BF4B-00C04F79EFBC}") = "01. SendMeTheCode", "01. SendMeTheCode\01. SendMeTheCode.csproj", "{24DDCE4F-FA3A-4D31-8A90-CD1C52C58767}"
EndProject
Project("{FAE04EC0-301F-11D3-BF4B-00C04F79EFBC}") = "02. Move", "02. Move\02. Move.csproj", "{FDADF180-39CE-45C8-A693-C66314CF5078}"
EndProject
Global
	GlobalSection(SolutionConfigurationPlatforms) = preSolution
		Debug|Any CPU = Debug|Any CPU
		Release|Any CPU = Release|Any CPU
	EndGlobalSection
	GlobalSection(ProjectConfigurationPlatforms) = postSolution
		{24DDCE4F-FA3A-4D31-8A90-CD1C52C58767}.Debug|Any CPU.ActiveCfg = Debug|Any CPU
		{24DDCE4F-FA3A-4D31-8A90-CD1C52C58767}.Debug|Any CPU.Build.0 = Debug|Any CPU
		{24DDCE4F-FA3A-4D31-8A90-CD1C52C58767}.Release|Any CPU.ActiveCfg = Release|Any CPU
		{24DDCE4F-FA3A-4D31-8A90-CD1C52C58767}.Release|Any CPU.Build.0 = Release|Any CPU
		{FDADF180-39CE-45C8-A693-C66314CF5078}.Debug|Any CPU.ActiveCfg = Debug|Any CPU
		{FDADF180-39CE-45C8-A693-C66314CF5078}.Debug|Any CPU.Build.0 = Debug|Any CPU
		{FDADF180-39CE-45C8-A693-C66314CF5078}.Release|Any CPU.ActiveCfg = Release|Any CPU
		{FDADF180-39CE-45C8-A693-C66314CF5078}.Release|Any CPU.Build.0 = Release|Any CPU
	EndGlobalSection
	GlobalSection(SolutionProperties) = preSolution
		HideSolutionNode = FALSE
	EndGlobalSection
	GlobalSection(ExtensibilityGlobals) = postSolution
		SolutionGuid = {810EAA62-9C79-4594-AAB7-8EAE57DE35EB}
	EndGlobalSection
EndGlobal
