
Microsoft Visual Studio Solution File, Format Version 12.00
# Visual Studio 15
VisualStudioVersion = 15.0.27130.2010
MinimumVisualStudioVersion = 10.0.40219.1
Project("{FAE04EC0-301F-11D3-BF4B-00C04F79EFBC}") = "ArtistsSystem.Models", "ArtistsSystem.Models\ArtistsSystem.Models.csproj", "{A5CCE417-1955-45A8-A5DF-503647C6DD08}"
EndProject
Project("{FAE04EC0-301F-11D3-BF4B-00C04F79EFBC}") = "ArtistsSystem.Data", "ArtistsSystem.Data\ArtistsSystem.Data.csproj", "{33529F82-EFBA-4816-BA09-89966F92B4F9}"
EndProject
Global
	GlobalSection(SolutionConfigurationPlatforms) = preSolution
		Debug|Any CPU = Debug|Any CPU
		Release|Any CPU = Release|Any CPU
	EndGlobalSection
	GlobalSection(ProjectConfigurationPlatforms) = postSolution
		{A5CCE417-1955-45A8-A5DF-503647C6DD08}.Debug|Any CPU.ActiveCfg = Debug|Any CPU
		{A5CCE417-1955-45A8-A5DF-503647C6DD08}.Debug|Any CPU.Build.0 = Debug|Any CPU
		{A5CCE417-1955-45A8-A5DF-503647C6DD08}.Release|Any CPU.ActiveCfg = Release|Any CPU
		{A5CCE417-1955-45A8-A5DF-503647C6DD08}.Release|Any CPU.Build.0 = Release|Any CPU
		{33529F82-EFBA-4816-BA09-89966F92B4F9}.Debug|Any CPU.ActiveCfg = Debug|Any CPU
		{33529F82-EFBA-4816-BA09-89966F92B4F9}.Debug|Any CPU.Build.0 = Debug|Any CPU
		{33529F82-EFBA-4816-BA09-89966F92B4F9}.Release|Any CPU.ActiveCfg = Release|Any CPU
		{33529F82-EFBA-4816-BA09-89966F92B4F9}.Release|Any CPU.Build.0 = Release|Any CPU
	EndGlobalSection
	GlobalSection(SolutionProperties) = preSolution
		HideSolutionNode = FALSE
	EndGlobalSection
	GlobalSection(ExtensibilityGlobals) = postSolution
		SolutionGuid = {2E20821D-53BB-48C7-8960-E9BAA3B09DA9}
	EndGlobalSection
EndGlobal
