
Microsoft Visual Studio Solution File, Format Version 12.00
# Visual Studio 15
VisualStudioVersion = 15.0.27130.2010
MinimumVisualStudioVersion = 10.0.40219.1
Project("{FAE04EC0-301F-11D3-BF4B-00C04F79EFBC}") = "FurnitureManufacturer", "FurnitureManufacturer\FurnitureManufacturer.csproj", "{8E9B15A2-1CE6-48E4-8143-E6B4BE5CB7B2}"
EndProject
Project("{FAE04EC0-301F-11D3-BF4B-00C04F79EFBC}") = "FurnitureManufacturer.Tests", "FurnitureManufacturer.Tests\FurnitureManufacturer.Tests.csproj", "{5EFEE07C-878F-4E22-80B4-1C20F3D74601}"
EndProject
Global
	GlobalSection(SolutionConfigurationPlatforms) = preSolution
		Debug|Any CPU = Debug|Any CPU
		Release|Any CPU = Release|Any CPU
	EndGlobalSection
	GlobalSection(ProjectConfigurationPlatforms) = postSolution
		{8E9B15A2-1CE6-48E4-8143-E6B4BE5CB7B2}.Debug|Any CPU.ActiveCfg = Debug|Any CPU
		{8E9B15A2-1CE6-48E4-8143-E6B4BE5CB7B2}.Debug|Any CPU.Build.0 = Debug|Any CPU
		{8E9B15A2-1CE6-48E4-8143-E6B4BE5CB7B2}.Release|Any CPU.ActiveCfg = Release|Any CPU
		{8E9B15A2-1CE6-48E4-8143-E6B4BE5CB7B2}.Release|Any CPU.Build.0 = Release|Any CPU
		{5EFEE07C-878F-4E22-80B4-1C20F3D74601}.Debug|Any CPU.ActiveCfg = Debug|Any CPU
		{5EFEE07C-878F-4E22-80B4-1C20F3D74601}.Debug|Any CPU.Build.0 = Debug|Any CPU
		{5EFEE07C-878F-4E22-80B4-1C20F3D74601}.Release|Any CPU.ActiveCfg = Release|Any CPU
		{5EFEE07C-878F-4E22-80B4-1C20F3D74601}.Release|Any CPU.Build.0 = Release|Any CPU
	EndGlobalSection
	GlobalSection(SolutionProperties) = preSolution
		HideSolutionNode = FALSE
	EndGlobalSection
	GlobalSection(ExtensibilityGlobals) = postSolution
		SolutionGuid = {27610AEC-3E0A-4332-A60D-CD563566DDBD}
	EndGlobalSection
EndGlobal
