
Microsoft Visual Studio Solution File, Format Version 12.00
# Visual Studio 15
VisualStudioVersion = 15.0.27004.2009
MinimumVisualStudioVersion = 10.0.40219.1
Project("{FAE04EC0-301F-11D3-BF4B-00C04F79EFBC}") = "01. SquareRoot", "01. SquareRoot\01. SquareRoot.csproj", "{994C26A2-169C-44DE-ADEB-A1A44588570D}"
EndProject
Project("{FAE04EC0-301F-11D3-BF4B-00C04F79EFBC}") = "02. EnterNumbers", "02. EnterNumbers\02. EnterNumbers.csproj", "{56A10094-7E29-44A6-A404-345CD6288CA6}"
EndProject
Global
	GlobalSection(SolutionConfigurationPlatforms) = preSolution
		Debug|Any CPU = Debug|Any CPU
		Release|Any CPU = Release|Any CPU
	EndGlobalSection
	GlobalSection(ProjectConfigurationPlatforms) = postSolution
		{994C26A2-169C-44DE-ADEB-A1A44588570D}.Debug|Any CPU.ActiveCfg = Debug|Any CPU
		{994C26A2-169C-44DE-ADEB-A1A44588570D}.Debug|Any CPU.Build.0 = Debug|Any CPU
		{994C26A2-169C-44DE-ADEB-A1A44588570D}.Release|Any CPU.ActiveCfg = Release|Any CPU
		{994C26A2-169C-44DE-ADEB-A1A44588570D}.Release|Any CPU.Build.0 = Release|Any CPU
		{56A10094-7E29-44A6-A404-345CD6288CA6}.Debug|Any CPU.ActiveCfg = Debug|Any CPU
		{56A10094-7E29-44A6-A404-345CD6288CA6}.Debug|Any CPU.Build.0 = Debug|Any CPU
		{56A10094-7E29-44A6-A404-345CD6288CA6}.Release|Any CPU.ActiveCfg = Release|Any CPU
		{56A10094-7E29-44A6-A404-345CD6288CA6}.Release|Any CPU.Build.0 = Release|Any CPU
	EndGlobalSection
	GlobalSection(SolutionProperties) = preSolution
		HideSolutionNode = FALSE
	EndGlobalSection
	GlobalSection(ExtensibilityGlobals) = postSolution
		SolutionGuid = {36373B70-F20D-4BF9-A9B1-8CB2FAD70BDB}
	EndGlobalSection
EndGlobal
