
Microsoft Visual Studio Solution File, Format Version 12.00
# Visual Studio 15
VisualStudioVersion = 15.0.27004.2009
MinimumVisualStudioVersion = 10.0.40219.1
Project("{FAE04EC0-301F-11D3-BF4B-00C04F79EFBC}") = "01. Kitty", "01. Kitty\01. Kitty.csproj", "{D2BE6144-C259-4BD6-91B2-958153DFFDF7}"
EndProject
Global
	GlobalSection(SolutionConfigurationPlatforms) = preSolution
		Debug|Any CPU = Debug|Any CPU
		Release|Any CPU = Release|Any CPU
	EndGlobalSection
	GlobalSection(ProjectConfigurationPlatforms) = postSolution
		{D2BE6144-C259-4BD6-91B2-958153DFFDF7}.Debug|Any CPU.ActiveCfg = Debug|Any CPU
		{D2BE6144-C259-4BD6-91B2-958153DFFDF7}.Debug|Any CPU.Build.0 = Debug|Any CPU
		{D2BE6144-C259-4BD6-91B2-958153DFFDF7}.Release|Any CPU.ActiveCfg = Release|Any CPU
		{D2BE6144-C259-4BD6-91B2-958153DFFDF7}.Release|Any CPU.Build.0 = Release|Any CPU
	EndGlobalSection
	GlobalSection(SolutionProperties) = preSolution
		HideSolutionNode = FALSE
	EndGlobalSection
	GlobalSection(ExtensibilityGlobals) = postSolution
		SolutionGuid = {D3FE997A-9BF6-4536-BA3D-90F173957020}
	EndGlobalSection
EndGlobal
