
Microsoft Visual Studio Solution File, Format Version 12.00
# Visual Studio 15
VisualStudioVersion = 15.0.27130.2010
MinimumVisualStudioVersion = 10.0.40219.1
Project("{FAE04EC0-301F-11D3-BF4B-00C04F79EFBC}") = "01. PrimeNumber", "01. PrimeNumber\01. PrimeNumber.csproj", "{A81706B2-5922-4FB8-BCBA-5E303330649B}"
EndProject
Project("{FAE04EC0-301F-11D3-BF4B-00C04F79EFBC}") = "02. BinarySearch", "02. BinarySearch\02. BinarySearch.csproj", "{28075B5C-2965-4EB4-AF97-A1BF92C19D66}"
EndProject
Project("{FAE04EC0-301F-11D3-BF4B-00C04F79EFBC}") = "BiggestPrimeNumberInInterval", "BiggestPrimeNumberInInterval\BiggestPrimeNumberInInterval.csproj", "{CCAAA062-66E6-414B-9329-9156F85B41C0}"
EndProject
Project("{FAE04EC0-301F-11D3-BF4B-00C04F79EFBC}") = "MaximalSumOfKElements", "MaximalSumOfKElements\MaximalSumOfKElements.csproj", "{A95D2F28-DF26-4A60-8F51-518927A77AF7}"
EndProject
Global
	GlobalSection(SolutionConfigurationPlatforms) = preSolution
		Debug|Any CPU = Debug|Any CPU
		Release|Any CPU = Release|Any CPU
	EndGlobalSection
	GlobalSection(ProjectConfigurationPlatforms) = postSolution
		{A81706B2-5922-4FB8-BCBA-5E303330649B}.Debug|Any CPU.ActiveCfg = Debug|Any CPU
		{A81706B2-5922-4FB8-BCBA-5E303330649B}.Debug|Any CPU.Build.0 = Debug|Any CPU
		{A81706B2-5922-4FB8-BCBA-5E303330649B}.Release|Any CPU.ActiveCfg = Release|Any CPU
		{A81706B2-5922-4FB8-BCBA-5E303330649B}.Release|Any CPU.Build.0 = Release|Any CPU
		{28075B5C-2965-4EB4-AF97-A1BF92C19D66}.Debug|Any CPU.ActiveCfg = Debug|Any CPU
		{28075B5C-2965-4EB4-AF97-A1BF92C19D66}.Debug|Any CPU.Build.0 = Debug|Any CPU
		{28075B5C-2965-4EB4-AF97-A1BF92C19D66}.Release|Any CPU.ActiveCfg = Release|Any CPU
		{28075B5C-2965-4EB4-AF97-A1BF92C19D66}.Release|Any CPU.Build.0 = Release|Any CPU
		{CCAAA062-66E6-414B-9329-9156F85B41C0}.Debug|Any CPU.ActiveCfg = Debug|Any CPU
		{CCAAA062-66E6-414B-9329-9156F85B41C0}.Debug|Any CPU.Build.0 = Debug|Any CPU
		{CCAAA062-66E6-414B-9329-9156F85B41C0}.Release|Any CPU.ActiveCfg = Release|Any CPU
		{CCAAA062-66E6-414B-9329-9156F85B41C0}.Release|Any CPU.Build.0 = Release|Any CPU
		{A95D2F28-DF26-4A60-8F51-518927A77AF7}.Debug|Any CPU.ActiveCfg = Debug|Any CPU
		{A95D2F28-DF26-4A60-8F51-518927A77AF7}.Debug|Any CPU.Build.0 = Debug|Any CPU
		{A95D2F28-DF26-4A60-8F51-518927A77AF7}.Release|Any CPU.ActiveCfg = Release|Any CPU
		{A95D2F28-DF26-4A60-8F51-518927A77AF7}.Release|Any CPU.Build.0 = Release|Any CPU
	EndGlobalSection
	GlobalSection(SolutionProperties) = preSolution
		HideSolutionNode = FALSE
	EndGlobalSection
	GlobalSection(ExtensibilityGlobals) = postSolution
		SolutionGuid = {78E4FBDD-2A9A-4D3D-B3BF-580F312A80A0}
	EndGlobalSection
EndGlobal
