
Microsoft Visual Studio Solution File, Format Version 12.00
# Visual Studio 15
VisualStudioVersion = 15.0.27130.2010
MinimumVisualStudioVersion = 10.0.40219.1
Project("{FAE04EC0-301F-11D3-BF4B-00C04F79EFBC}") = "Combinations", "Combinations\Combinations.csproj", "{2C2C68A5-2DC1-4953-A83B-A96FB7EB85F0}"
EndProject
Project("{FAE04EC0-301F-11D3-BF4B-00C04F79EFBC}") = "BinarySearchRecursive", "Search\BinarySearchRecursive.csproj", "{66ABB324-AE5B-47B8-8E5D-22F5B1D81401}"
EndProject
Project("{FAE04EC0-301F-11D3-BF4B-00C04F79EFBC}") = "BinarySearchIterative", "BinarySearchIterative\BinarySearchIterative.csproj", "{71DC99FC-98C1-4E5C-8030-CDE93892C583}"
EndProject
Project("{FAE04EC0-301F-11D3-BF4B-00C04F79EFBC}") = "SumWithInduction", "SumWithInduction\SumWithInduction.csproj", "{E29E3FA8-B705-4FD6-8F58-6BAD6BFB0D16}"
EndProject
Project("{FAE04EC0-301F-11D3-BF4B-00C04F79EFBC}") = "Fibonacci", "Fibonacci\Fibonacci.csproj", "{3BBC06AA-03E8-4312-9FDD-8757354D4C38}"
EndProject
Project("{FAE04EC0-301F-11D3-BF4B-00C04F79EFBC}") = "FibonacciSum", "FibonacciSum\FibonacciSum.csproj", "{41EFF9EF-B633-47C3-8F2B-0DCD371B783C}"
EndProject
Project("{FAE04EC0-301F-11D3-BF4B-00C04F79EFBC}") = "02. OnlineMarket", "02. OnlineMarket\02. OnlineMarket.csproj", "{544B1899-1F07-4FEF-83F6-7FBE17132981}"
EndProject
Project("{FAE04EC0-301F-11D3-BF4B-00C04F79EFBC}") = "01. StudentsOrder", "01. StudentsOrder\01. StudentsOrder.csproj", "{76AB6255-0885-48C8-8C3B-CCC27368095C}"
EndProject
Project("{FAE04EC0-301F-11D3-BF4B-00C04F79EFBC}") = "001. StudentsOrder", "001. StudentsOrder\001. StudentsOrder.csproj", "{4C0FB536-4DFD-4618-BA47-F49A605C6B84}"
EndProject
Project("{FAE04EC0-301F-11D3-BF4B-00C04F79EFBC}") = "03. SuperMarketQueue", "03. SuperMarketQueue\03. SuperMarketQueue.csproj", "{121FFDAD-430A-49A7-8678-F0B69B888CF9}"
EndProject
Project("{FAE04EC0-301F-11D3-BF4B-00C04F79EFBC}") = "04. Passwords", "04. Passwords\04. Passwords.csproj", "{D3796148-0D74-4282-8FD1-BA47A89A88C8}"
EndProject
Project("{FAE04EC0-301F-11D3-BF4B-00C04F79EFBC}") = "08. Portals", "08. Portals\08. Portals.csproj", "{A2BBE7F1-ACF4-4968-9E59-E04AD6E922C0}"
EndProject
Global
	GlobalSection(SolutionConfigurationPlatforms) = preSolution
		Debug|Any CPU = Debug|Any CPU
		Release|Any CPU = Release|Any CPU
	EndGlobalSection
	GlobalSection(ProjectConfigurationPlatforms) = postSolution
		{2C2C68A5-2DC1-4953-A83B-A96FB7EB85F0}.Debug|Any CPU.ActiveCfg = Debug|Any CPU
		{2C2C68A5-2DC1-4953-A83B-A96FB7EB85F0}.Debug|Any CPU.Build.0 = Debug|Any CPU
		{2C2C68A5-2DC1-4953-A83B-A96FB7EB85F0}.Release|Any CPU.ActiveCfg = Release|Any CPU
		{2C2C68A5-2DC1-4953-A83B-A96FB7EB85F0}.Release|Any CPU.Build.0 = Release|Any CPU
		{66ABB324-AE5B-47B8-8E5D-22F5B1D81401}.Debug|Any CPU.ActiveCfg = Debug|Any CPU
		{66ABB324-AE5B-47B8-8E5D-22F5B1D81401}.Debug|Any CPU.Build.0 = Debug|Any CPU
		{66ABB324-AE5B-47B8-8E5D-22F5B1D81401}.Release|Any CPU.ActiveCfg = Release|Any CPU
		{66ABB324-AE5B-47B8-8E5D-22F5B1D81401}.Release|Any CPU.Build.0 = Release|Any CPU
		{71DC99FC-98C1-4E5C-8030-CDE93892C583}.Debug|Any CPU.ActiveCfg = Debug|Any CPU
		{71DC99FC-98C1-4E5C-8030-CDE93892C583}.Debug|Any CPU.Build.0 = Debug|Any CPU
		{71DC99FC-98C1-4E5C-8030-CDE93892C583}.Release|Any CPU.ActiveCfg = Release|Any CPU
		{71DC99FC-98C1-4E5C-8030-CDE93892C583}.Release|Any CPU.Build.0 = Release|Any CPU
		{E29E3FA8-B705-4FD6-8F58-6BAD6BFB0D16}.Debug|Any CPU.ActiveCfg = Debug|Any CPU
		{E29E3FA8-B705-4FD6-8F58-6BAD6BFB0D16}.Debug|Any CPU.Build.0 = Debug|Any CPU
		{E29E3FA8-B705-4FD6-8F58-6BAD6BFB0D16}.Release|Any CPU.ActiveCfg = Release|Any CPU
		{E29E3FA8-B705-4FD6-8F58-6BAD6BFB0D16}.Release|Any CPU.Build.0 = Release|Any CPU
		{3BBC06AA-03E8-4312-9FDD-8757354D4C38}.Debug|Any CPU.ActiveCfg = Debug|Any CPU
		{3BBC06AA-03E8-4312-9FDD-8757354D4C38}.Debug|Any CPU.Build.0 = Debug|Any CPU
		{3BBC06AA-03E8-4312-9FDD-8757354D4C38}.Release|Any CPU.ActiveCfg = Release|Any CPU
		{3BBC06AA-03E8-4312-9FDD-8757354D4C38}.Release|Any CPU.Build.0 = Release|Any CPU
		{41EFF9EF-B633-47C3-8F2B-0DCD371B783C}.Debug|Any CPU.ActiveCfg = Debug|Any CPU
		{41EFF9EF-B633-47C3-8F2B-0DCD371B783C}.Debug|Any CPU.Build.0 = Debug|Any CPU
		{41EFF9EF-B633-47C3-8F2B-0DCD371B783C}.Release|Any CPU.ActiveCfg = Release|Any CPU
		{41EFF9EF-B633-47C3-8F2B-0DCD371B783C}.Release|Any CPU.Build.0 = Release|Any CPU
		{544B1899-1F07-4FEF-83F6-7FBE17132981}.Debug|Any CPU.ActiveCfg = Debug|Any CPU
		{544B1899-1F07-4FEF-83F6-7FBE17132981}.Debug|Any CPU.Build.0 = Debug|Any CPU
		{544B1899-1F07-4FEF-83F6-7FBE17132981}.Release|Any CPU.ActiveCfg = Release|Any CPU
		{544B1899-1F07-4FEF-83F6-7FBE17132981}.Release|Any CPU.Build.0 = Release|Any CPU
		{76AB6255-0885-48C8-8C3B-CCC27368095C}.Debug|Any CPU.ActiveCfg = Debug|Any CPU
		{76AB6255-0885-48C8-8C3B-CCC27368095C}.Debug|Any CPU.Build.0 = Debug|Any CPU
		{76AB6255-0885-48C8-8C3B-CCC27368095C}.Release|Any CPU.ActiveCfg = Release|Any CPU
		{76AB6255-0885-48C8-8C3B-CCC27368095C}.Release|Any CPU.Build.0 = Release|Any CPU
		{4C0FB536-4DFD-4618-BA47-F49A605C6B84}.Debug|Any CPU.ActiveCfg = Debug|Any CPU
		{4C0FB536-4DFD-4618-BA47-F49A605C6B84}.Debug|Any CPU.Build.0 = Debug|Any CPU
		{4C0FB536-4DFD-4618-BA47-F49A605C6B84}.Release|Any CPU.ActiveCfg = Release|Any CPU
		{4C0FB536-4DFD-4618-BA47-F49A605C6B84}.Release|Any CPU.Build.0 = Release|Any CPU
		{121FFDAD-430A-49A7-8678-F0B69B888CF9}.Debug|Any CPU.ActiveCfg = Debug|Any CPU
		{121FFDAD-430A-49A7-8678-F0B69B888CF9}.Debug|Any CPU.Build.0 = Debug|Any CPU
		{121FFDAD-430A-49A7-8678-F0B69B888CF9}.Release|Any CPU.ActiveCfg = Release|Any CPU
		{121FFDAD-430A-49A7-8678-F0B69B888CF9}.Release|Any CPU.Build.0 = Release|Any CPU
		{D3796148-0D74-4282-8FD1-BA47A89A88C8}.Debug|Any CPU.ActiveCfg = Debug|Any CPU
		{D3796148-0D74-4282-8FD1-BA47A89A88C8}.Debug|Any CPU.Build.0 = Debug|Any CPU
		{D3796148-0D74-4282-8FD1-BA47A89A88C8}.Release|Any CPU.ActiveCfg = Release|Any CPU
		{D3796148-0D74-4282-8FD1-BA47A89A88C8}.Release|Any CPU.Build.0 = Release|Any CPU
		{A2BBE7F1-ACF4-4968-9E59-E04AD6E922C0}.Debug|Any CPU.ActiveCfg = Debug|Any CPU
		{A2BBE7F1-ACF4-4968-9E59-E04AD6E922C0}.Debug|Any CPU.Build.0 = Debug|Any CPU
		{A2BBE7F1-ACF4-4968-9E59-E04AD6E922C0}.Release|Any CPU.ActiveCfg = Release|Any CPU
		{A2BBE7F1-ACF4-4968-9E59-E04AD6E922C0}.Release|Any CPU.Build.0 = Release|Any CPU
	EndGlobalSection
	GlobalSection(SolutionProperties) = preSolution
		HideSolutionNode = FALSE
	EndGlobalSection
	GlobalSection(ExtensibilityGlobals) = postSolution
		SolutionGuid = {368A3373-CF8F-4985-B4BC-40E92B1E3629}
	EndGlobalSection
EndGlobal
